<?xml version="1.0" encoding="UTF-8" standalone="yes" ?>
<CodeBlocks_project_file>
	<FileVersion major="1" minor="6" />
	<Project>
		<Option title="RaynetFunctionalTest" />
		<Option pch_mode="2" />
		<Option compiler="gcc" />
		<Build>
			<Target title="Release Win32">
				<Option output="RaynetFunctionalTest_vc8" prefix_auto="1" extension_auto="1" />
				<Option object_output="Release Win32" />
				<Option type="0" />
				<Option compiler="gcc" />
				<Compiler>
					<Add option="-W" />
					<Add option="-O2" />
					<Add directory="..\..\KleinbergLayer\kleinberg" />
					<Add directory="..\..\ToolsLayer\Tools\windows" />
					<Add directory="..\Raynet" />
					<Add directory="..\..\ToolsLayer\Tools" />
					<Add directory="..\..\voronoiLayer\voronoi" />
				</Compiler>
				<ResourceCompiler>
					<Add directory="..\..\KleinbergLayer\kleinberg" />
					<Add directory="..\..\ToolsLayer\Tools\windows" />
					<Add directory="..\Raynet" />
					<Add directory="..\..\ToolsLayer\Tools" />
					<Add directory="..\..\voronoiLayer\voronoi" />
				</ResourceCompiler>
				<Linker>
					<Add library="Ws2_32" />
				</Linker>
			</Target>
		</Build>
		<Unit filename="main.cpp" />
		<Unit filename="..\Raynet\SocketController.cpp" />
		<Unit filename="..\Raynet\SocketController.h" />
		<Extensions>
			<code_completion />
			<debugger />
		</Extensions>
	</Project>
</CodeBlocks_project_file>
