Microsoft Visual Studio Solution File, Format Version 10.00
# Visual Studio 2008
Project("{8BC9CEB8-8B4A-11D0-8D11-00A0C91BC942}") = "OgreTester", "OgrePluginTester\OgrePluginTester.vcproj", "{0D73C150-6D82-4289-9899-8209D22378C5}"
	ProjectSection(ProjectDependencies) = postProject
		{64A52BAB-9E58-4DDD-9190-24D22D7A0211} = {64A52BAB-9E58-4DDD-9190-24D22D7A0211}
		{0326FDAD-66A6-49F4-8367-26E0901958B9} = {0326FDAD-66A6-49F4-8367-26E0901958B9}
		{D33680F5-1E1F-47BF-A04F-F3BCD04CF8A1} = {D33680F5-1E1F-47BF-A04F-F3BCD04CF8A1}
		{304E42F7-257D-4439-9DA9-9390752B08AD} = {304E42F7-257D-4439-9DA9-9390752B08AD}
		{3DCA68FC-037E-4F98-82A0-C46B8DB8CE7F} = {3DCA68FC-037E-4F98-82A0-C46B8DB8CE7F}
	EndProjectSection
EndProject
Project("{8BC9CEB8-8B4A-11D0-8D11-00A0C91BC942}") = "SceneGraphAdapter", "SceneGraphAdapter\SceneGraphAdapter.vcproj", "{304E42F7-257D-4439-9DA9-9390752B08AD}"
EndProject
Project("{2150E333-8FDC-42A3-9474-1A3956D46DE8}") = "FormatWrappers", "FormatWrappers", "{6C78447A-8D55-4F1E-BDDB-4CF9B7D8CD03}"
EndProject
Project("{2150E333-8FDC-42A3-9474-1A3956D46DE8}") = "RendererWrappers", "RendererWrappers", "{07CD452D-DA0E-42C6-B364-5C0A5301A35F}"
EndProject
Project("{8BC9CEB8-8B4A-11D0-8D11-00A0C91BC942}") = "ColladaWrapper", "FormatWrapper\ColladaWrapper\ColladaWrapper.vcproj", "{D33680F5-1E1F-47BF-A04F-F3BCD04CF8A1}"
	ProjectSection(ProjectDependencies) = postProject
		{304E42F7-257D-4439-9DA9-9390752B08AD} = {304E42F7-257D-4439-9DA9-9390752B08AD}
	EndProjectSection
EndProject
Project("{8BC9CEB8-8B4A-11D0-8D11-00A0C91BC942}") = "x3dWrapper", "FormatWrapper\X3dWrapper\x3dWrapper.vcproj", "{64A52BAB-9E58-4DDD-9190-24D22D7A0211}"
	ProjectSection(ProjectDependencies) = postProject
		{304E42F7-257D-4439-9DA9-9390752B08AD} = {304E42F7-257D-4439-9DA9-9390752B08AD}
	EndProjectSection
EndProject
Project("{8BC9CEB8-8B4A-11D0-8D11-00A0C91BC942}") = "OgreWrapper", "RendererWrapper\OgreWrapper\OgreWrapper.vcproj", "{0326FDAD-66A6-49F4-8367-26E0901958B9}"
	ProjectSection(ProjectDependencies) = postProject
		{304E42F7-257D-4439-9DA9-9390752B08AD} = {304E42F7-257D-4439-9DA9-9390752B08AD}
	EndProjectSection
EndProject
Project("{8BC9CEB8-8B4A-11D0-8D11-00A0C91BC942}") = "CyberX3D", "DevTools\CyberX3D\lib\win32\vc60\CyberX3D.vcproj", "{1138F041-9ADD-482A-BF89-85D591AFCBC7}"
EndProject
Project("{2150E333-8FDC-42A3-9474-1A3956D46DE8}") = "PhysicsEngine", "PhysicsEngine", "{8E7E6500-4FA7-4E85-8DCC-D5DB70C47AED}"
EndProject
Project("{8BC9CEB8-8B4A-11D0-8D11-00A0C91BC942}") = "BulletWrapper", "PhysicsWrapper\BulletWrapper\BulletWrapper.vcproj", "{3DCA68FC-037E-4F98-82A0-C46B8DB8CE7F}"
	ProjectSection(ProjectDependencies) = postProject
		{304E42F7-257D-4439-9DA9-9390752B08AD} = {304E42F7-257D-4439-9DA9-9390752B08AD}
	EndProjectSection
EndProject
Project("{8BC9CEB8-8B4A-11D0-8D11-00A0C91BC942}") = "OgreMain", "..\..\..\ogre\OgreMain\scripts\OgreMain_vc9.vcproj", "{35AFBABB-DF05-43DE-91A7-BB828A874015}"
EndProject
Global
	GlobalSection(SolutionConfigurationPlatforms) = preSolution
		Debug DLL|Win32 = Debug DLL|Win32
		Debug Unicode DLL|Win32 = Debug Unicode DLL|Win32
		Debug Unicode|Win32 = Debug Unicode|Win32
		Debug|Win32 = Debug|Win32
		DebugNCS|Win32 = DebugNCS|Win32
		DebugStaticLib|Win32 = DebugStaticLib|Win32
		Release DLL|Win32 = Release DLL|Win32
		Release Unicode DLL|Win32 = Release Unicode DLL|Win32
		Release Unicode|Win32 = Release Unicode|Win32
		Release|Win32 = Release|Win32
		ReleaseNCS|Win32 = ReleaseNCS|Win32
		ReleaseStaticLib|Win32 = ReleaseStaticLib|Win32
		Retail DLL|Win32 = Retail DLL|Win32
		Retail Unicode DLL|Win32 = Retail Unicode DLL|Win32
		Retail Unicode|Win32 = Retail Unicode|Win32
		Retail|Win32 = Retail|Win32
	EndGlobalSection
	GlobalSection(ProjectConfigurationPlatforms) = postSolution
		{0D73C150-6D82-4289-9899-8209D22378C5}.Debug DLL|Win32.ActiveCfg = Debug|Win32
		{0D73C150-6D82-4289-9899-8209D22378C5}.Debug DLL|Win32.Build.0 = Debug|Win32
		{0D73C150-6D82-4289-9899-8209D22378C5}.Debug Unicode DLL|Win32.ActiveCfg = Debug|Win32
		{0D73C150-6D82-4289-9899-8209D22378C5}.Debug Unicode DLL|Win32.Build.0 = Debug|Win32
		{0D73C150-6D82-4289-9899-8209D22378C5}.Debug Unicode|Win32.ActiveCfg = Debug|Win32
		{0D73C150-6D82-4289-9899-8209D22378C5}.Debug Unicode|Win32.Build.0 = Debug|Win32
		{0D73C150-6D82-4289-9899-8209D22378C5}.Debug|Win32.ActiveCfg = Debug|Win32
		{0D73C150-6D82-4289-9899-8209D22378C5}.Debug|Win32.Build.0 = Debug|Win32
		{0D73C150-6D82-4289-9899-8209D22378C5}.DebugNCS|Win32.ActiveCfg = Debug|Win32
		{0D73C150-6D82-4289-9899-8209D22378C5}.DebugNCS|Win32.Build.0 = Debug|Win32
		{0D73C150-6D82-4289-9899-8209D22378C5}.DebugStaticLib|Win32.ActiveCfg = Debug|Win32
		{0D73C150-6D82-4289-9899-8209D22378C5}.DebugStaticLib|Win32.Build.0 = Debug|Win32
		{0D73C150-6D82-4289-9899-8209D22378C5}.Release DLL|Win32.ActiveCfg = Release|Win32
		{0D73C150-6D82-4289-9899-8209D22378C5}.Release DLL|Win32.Build.0 = Release|Win32
		{0D73C150-6D82-4289-9899-8209D22378C5}.Release Unicode DLL|Win32.ActiveCfg = Release|Win32
		{0D73C150-6D82-4289-9899-8209D22378C5}.Release Unicode DLL|Win32.Build.0 = Release|Win32
		{0D73C150-6D82-4289-9899-8209D22378C5}.Release Unicode|Win32.ActiveCfg = Release|Win32
		{0D73C150-6D82-4289-9899-8209D22378C5}.Release Unicode|Win32.Build.0 = Release|Win32
		{0D73C150-6D82-4289-9899-8209D22378C5}.Release|Win32.ActiveCfg = Release|Win32
		{0D73C150-6D82-4289-9899-8209D22378C5}.Release|Win32.Build.0 = Release|Win32
		{0D73C150-6D82-4289-9899-8209D22378C5}.ReleaseNCS|Win32.ActiveCfg = Release|Win32
		{0D73C150-6D82-4289-9899-8209D22378C5}.ReleaseNCS|Win32.Build.0 = Release|Win32
		{0D73C150-6D82-4289-9899-8209D22378C5}.ReleaseStaticLib|Win32.ActiveCfg = Release|Win32
		{0D73C150-6D82-4289-9899-8209D22378C5}.ReleaseStaticLib|Win32.Build.0 = Release|Win32
		{0D73C150-6D82-4289-9899-8209D22378C5}.Retail DLL|Win32.ActiveCfg = Release|Win32
		{0D73C150-6D82-4289-9899-8209D22378C5}.Retail DLL|Win32.Build.0 = Release|Win32
		{0D73C150-6D82-4289-9899-8209D22378C5}.Retail Unicode DLL|Win32.ActiveCfg = Release|Win32
		{0D73C150-6D82-4289-9899-8209D22378C5}.Retail Unicode DLL|Win32.Build.0 = Release|Win32
		{0D73C150-6D82-4289-9899-8209D22378C5}.Retail Unicode|Win32.ActiveCfg = Release|Win32
		{0D73C150-6D82-4289-9899-8209D22378C5}.Retail Unicode|Win32.Build.0 = Release|Win32
		{0D73C150-6D82-4289-9899-8209D22378C5}.Retail|Win32.ActiveCfg = Release|Win32
		{0D73C150-6D82-4289-9899-8209D22378C5}.Retail|Win32.Build.0 = Release|Win32
		{304E42F7-257D-4439-9DA9-9390752B08AD}.Debug DLL|Win32.ActiveCfg = Debug|Win32
		{304E42F7-257D-4439-9DA9-9390752B08AD}.Debug DLL|Win32.Build.0 = Debug|Win32
		{304E42F7-257D-4439-9DA9-9390752B08AD}.Debug Unicode DLL|Win32.ActiveCfg = Debug|Win32
		{304E42F7-257D-4439-9DA9-9390752B08AD}.Debug Unicode DLL|Win32.Build.0 = Debug|Win32
		{304E42F7-257D-4439-9DA9-9390752B08AD}.Debug Unicode|Win32.ActiveCfg = Debug|Win32
		{304E42F7-257D-4439-9DA9-9390752B08AD}.Debug Unicode|Win32.Build.0 = Debug|Win32
		{304E42F7-257D-4439-9DA9-9390752B08AD}.Debug|Win32.ActiveCfg = Debug|Win32
		{304E42F7-257D-4439-9DA9-9390752B08AD}.Debug|Win32.Build.0 = Debug|Win32
		{304E42F7-257D-4439-9DA9-9390752B08AD}.DebugNCS|Win32.ActiveCfg = Debug|Win32
		{304E42F7-257D-4439-9DA9-9390752B08AD}.DebugNCS|Win32.Build.0 = Debug|Win32
		{304E42F7-257D-4439-9DA9-9390752B08AD}.DebugStaticLib|Win32.ActiveCfg = Debug|Win32
		{304E42F7-257D-4439-9DA9-9390752B08AD}.DebugStaticLib|Win32.Build.0 = Debug|Win32
		{304E42F7-257D-4439-9DA9-9390752B08AD}.Release DLL|Win32.ActiveCfg = Release|Win32
		{304E42F7-257D-4439-9DA9-9390752B08AD}.Release DLL|Win32.Build.0 = Release|Win32
		{304E42F7-257D-4439-9DA9-9390752B08AD}.Release Unicode DLL|Win32.ActiveCfg = Release|Win32
		{304E42F7-257D-4439-9DA9-9390752B08AD}.Release Unicode DLL|Win32.Build.0 = Release|Win32
		{304E42F7-257D-4439-9DA9-9390752B08AD}.Release Unicode|Win32.ActiveCfg = Release|Win32
		{304E42F7-257D-4439-9DA9-9390752B08AD}.Release Unicode|Win32.Build.0 = Release|Win32
		{304E42F7-257D-4439-9DA9-9390752B08AD}.Release|Win32.ActiveCfg = Release|Win32
		{304E42F7-257D-4439-9DA9-9390752B08AD}.Release|Win32.Build.0 = Release|Win32
		{304E42F7-257D-4439-9DA9-9390752B08AD}.ReleaseNCS|Win32.ActiveCfg = Release|Win32
		{304E42F7-257D-4439-9DA9-9390752B08AD}.ReleaseNCS|Win32.Build.0 = Release|Win32
		{304E42F7-257D-4439-9DA9-9390752B08AD}.ReleaseStaticLib|Win32.ActiveCfg = Release|Win32
		{304E42F7-257D-4439-9DA9-9390752B08AD}.ReleaseStaticLib|Win32.Build.0 = Release|Win32
		{304E42F7-257D-4439-9DA9-9390752B08AD}.Retail DLL|Win32.ActiveCfg = Release|Win32
		{304E42F7-257D-4439-9DA9-9390752B08AD}.Retail DLL|Win32.Build.0 = Release|Win32
		{304E42F7-257D-4439-9DA9-9390752B08AD}.Retail Unicode DLL|Win32.ActiveCfg = Release|Win32
		{304E42F7-257D-4439-9DA9-9390752B08AD}.Retail Unicode DLL|Win32.Build.0 = Release|Win32
		{304E42F7-257D-4439-9DA9-9390752B08AD}.Retail Unicode|Win32.ActiveCfg = Release|Win32
		{304E42F7-257D-4439-9DA9-9390752B08AD}.Retail Unicode|Win32.Build.0 = Release|Win32
		{304E42F7-257D-4439-9DA9-9390752B08AD}.Retail|Win32.ActiveCfg = Release|Win32
		{304E42F7-257D-4439-9DA9-9390752B08AD}.Retail|Win32.Build.0 = Release|Win32
		{D33680F5-1E1F-47BF-A04F-F3BCD04CF8A1}.Debug DLL|Win32.ActiveCfg = Debug|Win32
		{D33680F5-1E1F-47BF-A04F-F3BCD04CF8A1}.Debug DLL|Win32.Build.0 = Debug|Win32
		{D33680F5-1E1F-47BF-A04F-F3BCD04CF8A1}.Debug Unicode DLL|Win32.ActiveCfg = Debug|Win32
		{D33680F5-1E1F-47BF-A04F-F3BCD04CF8A1}.Debug Unicode DLL|Win32.Build.0 = Debug|Win32
		{D33680F5-1E1F-47BF-A04F-F3BCD04CF8A1}.Debug Unicode|Win32.ActiveCfg = Debug|Win32
		{D33680F5-1E1F-47BF-A04F-F3BCD04CF8A1}.Debug Unicode|Win32.Build.0 = Debug|Win32
		{D33680F5-1E1F-47BF-A04F-F3BCD04CF8A1}.Debug|Win32.ActiveCfg = Debug|Win32
		{D33680F5-1E1F-47BF-A04F-F3BCD04CF8A1}.Debug|Win32.Build.0 = Debug|Win32
		{D33680F5-1E1F-47BF-A04F-F3BCD04CF8A1}.DebugNCS|Win32.ActiveCfg = Debug|Win32
		{D33680F5-1E1F-47BF-A04F-F3BCD04CF8A1}.DebugNCS|Win32.Build.0 = Debug|Win32
		{D33680F5-1E1F-47BF-A04F-F3BCD04CF8A1}.DebugStaticLib|Win32.ActiveCfg = Debug|Win32
		{D33680F5-1E1F-47BF-A04F-F3BCD04CF8A1}.DebugStaticLib|Win32.Build.0 = Debug|Win32
		{D33680F5-1E1F-47BF-A04F-F3BCD04CF8A1}.Release DLL|Win32.ActiveCfg = Release|Win32
		{D33680F5-1E1F-47BF-A04F-F3BCD04CF8A1}.Release DLL|Win32.Build.0 = Release|Win32
		{D33680F5-1E1F-47BF-A04F-F3BCD04CF8A1}.Release Unicode DLL|Win32.ActiveCfg = Release|Win32
		{D33680F5-1E1F-47BF-A04F-F3BCD04CF8A1}.Release Unicode DLL|Win32.Build.0 = Release|Win32
		{D33680F5-1E1F-47BF-A04F-F3BCD04CF8A1}.Release Unicode|Win32.ActiveCfg = Release|Win32
		{D33680F5-1E1F-47BF-A04F-F3BCD04CF8A1}.Release Unicode|Win32.Build.0 = Release|Win32
		{D33680F5-1E1F-47BF-A04F-F3BCD04CF8A1}.Release|Win32.ActiveCfg = Release|Win32
		{D33680F5-1E1F-47BF-A04F-F3BCD04CF8A1}.Release|Win32.Build.0 = Release|Win32
		{D33680F5-1E1F-47BF-A04F-F3BCD04CF8A1}.ReleaseNCS|Win32.ActiveCfg = Release|Win32
		{D33680F5-1E1F-47BF-A04F-F3BCD04CF8A1}.ReleaseNCS|Win32.Build.0 = Release|Win32
		{D33680F5-1E1F-47BF-A04F-F3BCD04CF8A1}.ReleaseStaticLib|Win32.ActiveCfg = Release|Win32
		{D33680F5-1E1F-47BF-A04F-F3BCD04CF8A1}.ReleaseStaticLib|Win32.Build.0 = Release|Win32
		{D33680F5-1E1F-47BF-A04F-F3BCD04CF8A1}.Retail DLL|Win32.ActiveCfg = Release|Win32
		{D33680F5-1E1F-47BF-A04F-F3BCD04CF8A1}.Retail DLL|Win32.Build.0 = Release|Win32
		{D33680F5-1E1F-47BF-A04F-F3BCD04CF8A1}.Retail Unicode DLL|Win32.ActiveCfg = Release|Win32
		{D33680F5-1E1F-47BF-A04F-F3BCD04CF8A1}.Retail Unicode DLL|Win32.Build.0 = Release|Win32
		{D33680F5-1E1F-47BF-A04F-F3BCD04CF8A1}.Retail Unicode|Win32.ActiveCfg = Release|Win32
		{D33680F5-1E1F-47BF-A04F-F3BCD04CF8A1}.Retail Unicode|Win32.Build.0 = Release|Win32
		{D33680F5-1E1F-47BF-A04F-F3BCD04CF8A1}.Retail|Win32.ActiveCfg = Release|Win32
		{D33680F5-1E1F-47BF-A04F-F3BCD04CF8A1}.Retail|Win32.Build.0 = Release|Win32
		{64A52BAB-9E58-4DDD-9190-24D22D7A0211}.Debug DLL|Win32.ActiveCfg = Debug|Win32
		{64A52BAB-9E58-4DDD-9190-24D22D7A0211}.Debug DLL|Win32.Build.0 = Debug|Win32
		{64A52BAB-9E58-4DDD-9190-24D22D7A0211}.Debug Unicode DLL|Win32.ActiveCfg = Debug|Win32
		{64A52BAB-9E58-4DDD-9190-24D22D7A0211}.Debug Unicode DLL|Win32.Build.0 = Debug|Win32
		{64A52BAB-9E58-4DDD-9190-24D22D7A0211}.Debug Unicode|Win32.ActiveCfg = Debug|Win32
		{64A52BAB-9E58-4DDD-9190-24D22D7A0211}.Debug Unicode|Win32.Build.0 = Debug|Win32
		{64A52BAB-9E58-4DDD-9190-24D22D7A0211}.Debug|Win32.ActiveCfg = Debug|Win32
		{64A52BAB-9E58-4DDD-9190-24D22D7A0211}.Debug|Win32.Build.0 = Debug|Win32
		{64A52BAB-9E58-4DDD-9190-24D22D7A0211}.DebugNCS|Win32.ActiveCfg = Debug|Win32
		{64A52BAB-9E58-4DDD-9190-24D22D7A0211}.DebugNCS|Win32.Build.0 = Debug|Win32
		{64A52BAB-9E58-4DDD-9190-24D22D7A0211}.DebugStaticLib|Win32.ActiveCfg = Debug|Win32
		{64A52BAB-9E58-4DDD-9190-24D22D7A0211}.DebugStaticLib|Win32.Build.0 = Debug|Win32
		{64A52BAB-9E58-4DDD-9190-24D22D7A0211}.Release DLL|Win32.ActiveCfg = Release|Win32
		{64A52BAB-9E58-4DDD-9190-24D22D7A0211}.Release DLL|Win32.Build.0 = Release|Win32
		{64A52BAB-9E58-4DDD-9190-24D22D7A0211}.Release Unicode DLL|Win32.ActiveCfg = Release|Win32
		{64A52BAB-9E58-4DDD-9190-24D22D7A0211}.Release Unicode DLL|Win32.Build.0 = Release|Win32
		{64A52BAB-9E58-4DDD-9190-24D22D7A0211}.Release Unicode|Win32.ActiveCfg = Release|Win32
		{64A52BAB-9E58-4DDD-9190-24D22D7A0211}.Release Unicode|Win32.Build.0 = Release|Win32
		{64A52BAB-9E58-4DDD-9190-24D22D7A0211}.Release|Win32.ActiveCfg = Release|Win32
		{64A52BAB-9E58-4DDD-9190-24D22D7A0211}.Release|Win32.Build.0 = Release|Win32
		{64A52BAB-9E58-4DDD-9190-24D22D7A0211}.ReleaseNCS|Win32.ActiveCfg = Release|Win32
		{64A52BAB-9E58-4DDD-9190-24D22D7A0211}.ReleaseNCS|Win32.Build.0 = Release|Win32
		{64A52BAB-9E58-4DDD-9190-24D22D7A0211}.ReleaseStaticLib|Win32.ActiveCfg = Release|Win32
		{64A52BAB-9E58-4DDD-9190-24D22D7A0211}.ReleaseStaticLib|Win32.Build.0 = Release|Win32
		{64A52BAB-9E58-4DDD-9190-24D22D7A0211}.Retail DLL|Win32.ActiveCfg = Release|Win32
		{64A52BAB-9E58-4DDD-9190-24D22D7A0211}.Retail DLL|Win32.Build.0 = Release|Win32
		{64A52BAB-9E58-4DDD-9190-24D22D7A0211}.Retail Unicode DLL|Win32.ActiveCfg = Release|Win32
		{64A52BAB-9E58-4DDD-9190-24D22D7A0211}.Retail Unicode DLL|Win32.Build.0 = Release|Win32
		{64A52BAB-9E58-4DDD-9190-24D22D7A0211}.Retail Unicode|Win32.ActiveCfg = Release|Win32
		{64A52BAB-9E58-4DDD-9190-24D22D7A0211}.Retail Unicode|Win32.Build.0 = Release|Win32
		{64A52BAB-9E58-4DDD-9190-24D22D7A0211}.Retail|Win32.ActiveCfg = Release|Win32
		{64A52BAB-9E58-4DDD-9190-24D22D7A0211}.Retail|Win32.Build.0 = Release|Win32
		{0326FDAD-66A6-49F4-8367-26E0901958B9}.Debug DLL|Win32.ActiveCfg = Debug|Win32
		{0326FDAD-66A6-49F4-8367-26E0901958B9}.Debug DLL|Win32.Build.0 = Debug|Win32
		{0326FDAD-66A6-49F4-8367-26E0901958B9}.Debug Unicode DLL|Win32.ActiveCfg = Debug|Win32
		{0326FDAD-66A6-49F4-8367-26E0901958B9}.Debug Unicode DLL|Win32.Build.0 = Debug|Win32
		{0326FDAD-66A6-49F4-8367-26E0901958B9}.Debug Unicode|Win32.ActiveCfg = Debug|Win32
		{0326FDAD-66A6-49F4-8367-26E0901958B9}.Debug Unicode|Win32.Build.0 = Debug|Win32
		{0326FDAD-66A6-49F4-8367-26E0901958B9}.Debug|Win32.ActiveCfg = Debug|Win32
		{0326FDAD-66A6-49F4-8367-26E0901958B9}.Debug|Win32.Build.0 = Debug|Win32
		{0326FDAD-66A6-49F4-8367-26E0901958B9}.DebugNCS|Win32.ActiveCfg = Debug|Win32
		{0326FDAD-66A6-49F4-8367-26E0901958B9}.DebugNCS|Win32.Build.0 = Debug|Win32
		{0326FDAD-66A6-49F4-8367-26E0901958B9}.DebugStaticLib|Win32.ActiveCfg = Debug|Win32
		{0326FDAD-66A6-49F4-8367-26E0901958B9}.DebugStaticLib|Win32.Build.0 = Debug|Win32
		{0326FDAD-66A6-49F4-8367-26E0901958B9}.Release DLL|Win32.ActiveCfg = Release|Win32
		{0326FDAD-66A6-49F4-8367-26E0901958B9}.Release DLL|Win32.Build.0 = Release|Win32
		{0326FDAD-66A6-49F4-8367-26E0901958B9}.Release Unicode DLL|Win32.ActiveCfg = Release|Win32
		{0326FDAD-66A6-49F4-8367-26E0901958B9}.Release Unicode DLL|Win32.Build.0 = Release|Win32
		{0326FDAD-66A6-49F4-8367-26E0901958B9}.Release Unicode|Win32.ActiveCfg = Release|Win32
		{0326FDAD-66A6-49F4-8367-26E0901958B9}.Release Unicode|Win32.Build.0 = Release|Win32
		{0326FDAD-66A6-49F4-8367-26E0901958B9}.Release|Win32.ActiveCfg = Release|Win32
		{0326FDAD-66A6-49F4-8367-26E0901958B9}.Release|Win32.Build.0 = Release|Win32
		{0326FDAD-66A6-49F4-8367-26E0901958B9}.ReleaseNCS|Win32.ActiveCfg = Release|Win32
		{0326FDAD-66A6-49F4-8367-26E0901958B9}.ReleaseNCS|Win32.Build.0 = Release|Win32
		{0326FDAD-66A6-49F4-8367-26E0901958B9}.ReleaseStaticLib|Win32.ActiveCfg = Release|Win32
		{0326FDAD-66A6-49F4-8367-26E0901958B9}.ReleaseStaticLib|Win32.Build.0 = Release|Win32
		{0326FDAD-66A6-49F4-8367-26E0901958B9}.Retail DLL|Win32.ActiveCfg = Release|Win32
		{0326FDAD-66A6-49F4-8367-26E0901958B9}.Retail DLL|Win32.Build.0 = Release|Win32
		{0326FDAD-66A6-49F4-8367-26E0901958B9}.Retail Unicode DLL|Win32.ActiveCfg = Release|Win32
		{0326FDAD-66A6-49F4-8367-26E0901958B9}.Retail Unicode DLL|Win32.Build.0 = Release|Win32
		{0326FDAD-66A6-49F4-8367-26E0901958B9}.Retail Unicode|Win32.ActiveCfg = Release|Win32
		{0326FDAD-66A6-49F4-8367-26E0901958B9}.Retail Unicode|Win32.Build.0 = Release|Win32
		{0326FDAD-66A6-49F4-8367-26E0901958B9}.Retail|Win32.ActiveCfg = Release|Win32
		{0326FDAD-66A6-49F4-8367-26E0901958B9}.Retail|Win32.Build.0 = Release|Win32
		{1138F041-9ADD-482A-BF89-85D591AFCBC7}.Debug DLL|Win32.ActiveCfg = Debug|Win32
		{1138F041-9ADD-482A-BF89-85D591AFCBC7}.Debug DLL|Win32.Build.0 = Debug|Win32
		{1138F041-9ADD-482A-BF89-85D591AFCBC7}.Debug Unicode DLL|Win32.ActiveCfg = Debug|Win32
		{1138F041-9ADD-482A-BF89-85D591AFCBC7}.Debug Unicode DLL|Win32.Build.0 = Debug|Win32
		{1138F041-9ADD-482A-BF89-85D591AFCBC7}.Debug Unicode|Win32.ActiveCfg = Debug|Win32
		{1138F041-9ADD-482A-BF89-85D591AFCBC7}.Debug Unicode|Win32.Build.0 = Debug|Win32
		{1138F041-9ADD-482A-BF89-85D591AFCBC7}.Debug|Win32.ActiveCfg = Debug|Win32
		{1138F041-9ADD-482A-BF89-85D591AFCBC7}.Debug|Win32.Build.0 = Debug|Win32
		{1138F041-9ADD-482A-BF89-85D591AFCBC7}.DebugNCS|Win32.ActiveCfg = Debug|Win32
		{1138F041-9ADD-482A-BF89-85D591AFCBC7}.DebugNCS|Win32.Build.0 = Debug|Win32
		{1138F041-9ADD-482A-BF89-85D591AFCBC7}.DebugStaticLib|Win32.ActiveCfg = Debug|Win32
		{1138F041-9ADD-482A-BF89-85D591AFCBC7}.DebugStaticLib|Win32.Build.0 = Debug|Win32
		{1138F041-9ADD-482A-BF89-85D591AFCBC7}.Release DLL|Win32.ActiveCfg = Release|Win32
		{1138F041-9ADD-482A-BF89-85D591AFCBC7}.Release DLL|Win32.Build.0 = Release|Win32
		{1138F041-9ADD-482A-BF89-85D591AFCBC7}.Release Unicode DLL|Win32.ActiveCfg = Release|Win32
		{1138F041-9ADD-482A-BF89-85D591AFCBC7}.Release Unicode DLL|Win32.Build.0 = Release|Win32
		{1138F041-9ADD-482A-BF89-85D591AFCBC7}.Release Unicode|Win32.ActiveCfg = Release|Win32
		{1138F041-9ADD-482A-BF89-85D591AFCBC7}.Release Unicode|Win32.Build.0 = Release|Win32
		{1138F041-9ADD-482A-BF89-85D591AFCBC7}.Release|Win32.ActiveCfg = Release|Win32
		{1138F041-9ADD-482A-BF89-85D591AFCBC7}.Release|Win32.Build.0 = Release|Win32
		{1138F041-9ADD-482A-BF89-85D591AFCBC7}.ReleaseNCS|Win32.ActiveCfg = Release|Win32
		{1138F041-9ADD-482A-BF89-85D591AFCBC7}.ReleaseNCS|Win32.Build.0 = Release|Win32
		{1138F041-9ADD-482A-BF89-85D591AFCBC7}.ReleaseStaticLib|Win32.ActiveCfg = Release|Win32
		{1138F041-9ADD-482A-BF89-85D591AFCBC7}.ReleaseStaticLib|Win32.Build.0 = Release|Win32
		{1138F041-9ADD-482A-BF89-85D591AFCBC7}.Retail DLL|Win32.ActiveCfg = Release|Win32
		{1138F041-9ADD-482A-BF89-85D591AFCBC7}.Retail DLL|Win32.Build.0 = Release|Win32
		{1138F041-9ADD-482A-BF89-85D591AFCBC7}.Retail Unicode DLL|Win32.ActiveCfg = Release|Win32
		{1138F041-9ADD-482A-BF89-85D591AFCBC7}.Retail Unicode DLL|Win32.Build.0 = Release|Win32
		{1138F041-9ADD-482A-BF89-85D591AFCBC7}.Retail Unicode|Win32.ActiveCfg = Release|Win32
		{1138F041-9ADD-482A-BF89-85D591AFCBC7}.Retail Unicode|Win32.Build.0 = Release|Win32
		{1138F041-9ADD-482A-BF89-85D591AFCBC7}.Retail|Win32.ActiveCfg = Release|Win32
		{1138F041-9ADD-482A-BF89-85D591AFCBC7}.Retail|Win32.Build.0 = Release|Win32
		{3DCA68FC-037E-4F98-82A0-C46B8DB8CE7F}.Debug DLL|Win32.ActiveCfg = Debug|Win32
		{3DCA68FC-037E-4F98-82A0-C46B8DB8CE7F}.Debug DLL|Win32.Build.0 = Debug|Win32
		{3DCA68FC-037E-4F98-82A0-C46B8DB8CE7F}.Debug Unicode DLL|Win32.ActiveCfg = Debug|Win32
		{3DCA68FC-037E-4F98-82A0-C46B8DB8CE7F}.Debug Unicode DLL|Win32.Build.0 = Debug|Win32
		{3DCA68FC-037E-4F98-82A0-C46B8DB8CE7F}.Debug Unicode|Win32.ActiveCfg = Debug|Win32
		{3DCA68FC-037E-4F98-82A0-C46B8DB8CE7F}.Debug Unicode|Win32.Build.0 = Debug|Win32
		{3DCA68FC-037E-4F98-82A0-C46B8DB8CE7F}.Debug|Win32.ActiveCfg = Debug|Win32
		{3DCA68FC-037E-4F98-82A0-C46B8DB8CE7F}.Debug|Win32.Build.0 = Debug|Win32
		{3DCA68FC-037E-4F98-82A0-C46B8DB8CE7F}.DebugNCS|Win32.ActiveCfg = Debug|Win32
		{3DCA68FC-037E-4F98-82A0-C46B8DB8CE7F}.DebugNCS|Win32.Build.0 = Debug|Win32
		{3DCA68FC-037E-4F98-82A0-C46B8DB8CE7F}.DebugStaticLib|Win32.ActiveCfg = Debug|Win32
		{3DCA68FC-037E-4F98-82A0-C46B8DB8CE7F}.DebugStaticLib|Win32.Build.0 = Debug|Win32
		{3DCA68FC-037E-4F98-82A0-C46B8DB8CE7F}.Release DLL|Win32.ActiveCfg = Release|Win32
		{3DCA68FC-037E-4F98-82A0-C46B8DB8CE7F}.Release DLL|Win32.Build.0 = Release|Win32
		{3DCA68FC-037E-4F98-82A0-C46B8DB8CE7F}.Release Unicode DLL|Win32.ActiveCfg = Release|Win32
		{3DCA68FC-037E-4F98-82A0-C46B8DB8CE7F}.Release Unicode DLL|Win32.Build.0 = Release|Win32
		{3DCA68FC-037E-4F98-82A0-C46B8DB8CE7F}.Release Unicode|Win32.ActiveCfg = Release|Win32
		{3DCA68FC-037E-4F98-82A0-C46B8DB8CE7F}.Release Unicode|Win32.Build.0 = Release|Win32
		{3DCA68FC-037E-4F98-82A0-C46B8DB8CE7F}.Release|Win32.ActiveCfg = Release|Win32
		{3DCA68FC-037E-4F98-82A0-C46B8DB8CE7F}.Release|Win32.Build.0 = Release|Win32
		{3DCA68FC-037E-4F98-82A0-C46B8DB8CE7F}.ReleaseNCS|Win32.ActiveCfg = Release|Win32
		{3DCA68FC-037E-4F98-82A0-C46B8DB8CE7F}.ReleaseNCS|Win32.Build.0 = Release|Win32
		{3DCA68FC-037E-4F98-82A0-C46B8DB8CE7F}.ReleaseStaticLib|Win32.ActiveCfg = Release|Win32
		{3DCA68FC-037E-4F98-82A0-C46B8DB8CE7F}.ReleaseStaticLib|Win32.Build.0 = Release|Win32
		{3DCA68FC-037E-4F98-82A0-C46B8DB8CE7F}.Retail DLL|Win32.ActiveCfg = Release|Win32
		{3DCA68FC-037E-4F98-82A0-C46B8DB8CE7F}.Retail DLL|Win32.Build.0 = Release|Win32
		{3DCA68FC-037E-4F98-82A0-C46B8DB8CE7F}.Retail Unicode DLL|Win32.ActiveCfg = Release|Win32
		{3DCA68FC-037E-4F98-82A0-C46B8DB8CE7F}.Retail Unicode DLL|Win32.Build.0 = Release|Win32
		{3DCA68FC-037E-4F98-82A0-C46B8DB8CE7F}.Retail Unicode|Win32.ActiveCfg = Release|Win32
		{3DCA68FC-037E-4F98-82A0-C46B8DB8CE7F}.Retail Unicode|Win32.Build.0 = Release|Win32
		{3DCA68FC-037E-4F98-82A0-C46B8DB8CE7F}.Retail|Win32.ActiveCfg = Release|Win32
		{3DCA68FC-037E-4F98-82A0-C46B8DB8CE7F}.Retail|Win32.Build.0 = Release|Win32
		{35AFBABB-DF05-43DE-91A7-BB828A874015}.Debug DLL|Win32.ActiveCfg = DebugStaticLib|Win32
		{35AFBABB-DF05-43DE-91A7-BB828A874015}.Debug DLL|Win32.Build.0 = DebugStaticLib|Win32
		{35AFBABB-DF05-43DE-91A7-BB828A874015}.Debug Unicode DLL|Win32.ActiveCfg = DebugStaticLib|Win32
		{35AFBABB-DF05-43DE-91A7-BB828A874015}.Debug Unicode DLL|Win32.Build.0 = DebugStaticLib|Win32
		{35AFBABB-DF05-43DE-91A7-BB828A874015}.Debug Unicode|Win32.ActiveCfg = DebugStaticLib|Win32
		{35AFBABB-DF05-43DE-91A7-BB828A874015}.Debug Unicode|Win32.Build.0 = DebugStaticLib|Win32
		{35AFBABB-DF05-43DE-91A7-BB828A874015}.Debug|Win32.ActiveCfg = Debug|Win32
		{35AFBABB-DF05-43DE-91A7-BB828A874015}.Debug|Win32.Build.0 = Debug|Win32
		{35AFBABB-DF05-43DE-91A7-BB828A874015}.DebugNCS|Win32.ActiveCfg = DebugStaticLib|Win32
		{35AFBABB-DF05-43DE-91A7-BB828A874015}.DebugNCS|Win32.Build.0 = DebugStaticLib|Win32
		{35AFBABB-DF05-43DE-91A7-BB828A874015}.DebugStaticLib|Win32.ActiveCfg = DebugStaticLib|Win32
		{35AFBABB-DF05-43DE-91A7-BB828A874015}.DebugStaticLib|Win32.Build.0 = DebugStaticLib|Win32
		{35AFBABB-DF05-43DE-91A7-BB828A874015}.Release DLL|Win32.ActiveCfg = ReleaseStaticLib|Win32
		{35AFBABB-DF05-43DE-91A7-BB828A874015}.Release DLL|Win32.Build.0 = ReleaseStaticLib|Win32
		{35AFBABB-DF05-43DE-91A7-BB828A874015}.Release Unicode DLL|Win32.ActiveCfg = ReleaseStaticLib|Win32
		{35AFBABB-DF05-43DE-91A7-BB828A874015}.Release Unicode DLL|Win32.Build.0 = ReleaseStaticLib|Win32
		{35AFBABB-DF05-43DE-91A7-BB828A874015}.Release Unicode|Win32.ActiveCfg = ReleaseStaticLib|Win32
		{35AFBABB-DF05-43DE-91A7-BB828A874015}.Release Unicode|Win32.Build.0 = ReleaseStaticLib|Win32
		{35AFBABB-DF05-43DE-91A7-BB828A874015}.Release|Win32.ActiveCfg = Release|Win32
		{35AFBABB-DF05-43DE-91A7-BB828A874015}.Release|Win32.Build.0 = Release|Win32
		{35AFBABB-DF05-43DE-91A7-BB828A874015}.ReleaseNCS|Win32.ActiveCfg = ReleaseStaticLib|Win32
		{35AFBABB-DF05-43DE-91A7-BB828A874015}.ReleaseNCS|Win32.Build.0 = ReleaseStaticLib|Win32
		{35AFBABB-DF05-43DE-91A7-BB828A874015}.ReleaseStaticLib|Win32.ActiveCfg = ReleaseStaticLib|Win32
		{35AFBABB-DF05-43DE-91A7-BB828A874015}.ReleaseStaticLib|Win32.Build.0 = ReleaseStaticLib|Win32
		{35AFBABB-DF05-43DE-91A7-BB828A874015}.Retail DLL|Win32.ActiveCfg = ReleaseStaticLib|Win32
		{35AFBABB-DF05-43DE-91A7-BB828A874015}.Retail DLL|Win32.Build.0 = ReleaseStaticLib|Win32
		{35AFBABB-DF05-43DE-91A7-BB828A874015}.Retail Unicode DLL|Win32.ActiveCfg = ReleaseStaticLib|Win32
		{35AFBABB-DF05-43DE-91A7-BB828A874015}.Retail Unicode DLL|Win32.Build.0 = ReleaseStaticLib|Win32
		{35AFBABB-DF05-43DE-91A7-BB828A874015}.Retail Unicode|Win32.ActiveCfg = ReleaseStaticLib|Win32
		{35AFBABB-DF05-43DE-91A7-BB828A874015}.Retail Unicode|Win32.Build.0 = ReleaseStaticLib|Win32
		{35AFBABB-DF05-43DE-91A7-BB828A874015}.Retail|Win32.ActiveCfg = ReleaseStaticLib|Win32
		{35AFBABB-DF05-43DE-91A7-BB828A874015}.Retail|Win32.Build.0 = ReleaseStaticLib|Win32
	EndGlobalSection
	GlobalSection(SolutionProperties) = preSolution
		HideSolutionNode = FALSE
	EndGlobalSection
	GlobalSection(NestedProjects) = preSolution
		{D33680F5-1E1F-47BF-A04F-F3BCD04CF8A1} = {6C78447A-8D55-4F1E-BDDB-4CF9B7D8CD03}
		{64A52BAB-9E58-4DDD-9190-24D22D7A0211} = {6C78447A-8D55-4F1E-BDDB-4CF9B7D8CD03}
		{0326FDAD-66A6-49F4-8367-26E0901958B9} = {07CD452D-DA0E-42C6-B364-5C0A5301A35F}
		{3DCA68FC-037E-4F98-82A0-C46B8DB8CE7F} = {8E7E6500-4FA7-4E85-8DCC-D5DB70C47AED}
	EndGlobalSection
EndGlobal
