<?xml version="1.0" encoding="UTF-8" standalone="yes" ?>
<CodeBlocks_project_file>
	<FileVersion major="1" minor="6" />
	<Project>
		<Option title="AvatarTools" />
		<Option pch_mode="2" />
		<Option compiler="gcc" />
		<Build>
			<Target title="Debug Win32">
				<Option output="obj\Debug Win32\libAvatarTools_vc8_d" prefix_auto="1" extension_auto="1" />
				<Option working_dir="" />
				<Option object_output="obj\Debug Win32" />
				<Option type="2" />
				<Option compiler="gcc" />
				<Option createDefFile="1" />
				<Compiler>
					<Add option="-DWIN32" />
					<Add option="-D_DEBUG" />
					<Add option="-W" />
					<Add option="-O0" />
					<Add directory="include" />
					<Add directory="$(OGRE_HOME)\Dependencies\include" />
					<Add directory="$(OGRE_HOME)\OgreMain\include" />
					<Add directory="$(OGRE_HOME)\include" />
					<Add directory="..\..\..\Dependencies" />
					<Add directory="..\..\..\Dependencies\MdlrTools\include" />
					<Add directory="..\..\..\Dependencies\pthreads\include" />
					<Add directory="..\..\..\Dependencies\tinyxml\include" />
					<Add directory="..\..\..\Dependencies\VoiceEngine\include" />
					<Add directory="..\..\..\Dependencies\CommonTools\include" />
					<Add directory="..\..\..\Dependencies\Phonetizer\include" />
					<Add directory="..\..\..\Dependencies\FaceController\include" />
					<Add directory="..\..\..\Dependencies\protocols\XmlDatas\include" />
				</Compiler>
				<ResourceCompiler>
					<Add directory="include" />
					<Add directory="$(OGRE_HOME)\Dependencies\include" />
					<Add directory="$(OGRE_HOME)\OgreMain\include" />
					<Add directory="$(OGRE_HOME)\include" />
					<Add directory="..\..\..\Dependencies" />
					<Add directory="..\..\..\Dependencies\MdlrTools\include" />
					<Add directory="..\..\..\Dependencies\pthreads\include" />
					<Add directory="..\..\..\Dependencies\tinyxml\include" />
					<Add directory="..\..\..\Dependencies\VoiceEngine\include" />
					<Add directory="..\..\..\Dependencies\CommonTools\include" />
					<Add directory="..\..\..\Dependencies\Phonetizer\include" />
					<Add directory="..\..\..\Dependencies\FaceController\include" />
					<Add directory="..\..\..\Dependencies\protocols\XmlDatas\include" />
				</ResourceCompiler>
				<ExtraCommands>
					<Add after="if not exist C:\ROOT\solipsis\trunk\Sources\Modelers\AvatarTools\..\..\..\Dependencies\AvatarTools\include mkdir C:\ROOT\solipsis\trunk\Sources\Modelers\AvatarTools\..\..\..\Dependencies\AvatarTools\include&#x0D;&#x0A;xcopy C:\ROOT\solipsis\trunk\Sources\Modelers\AvatarTools\include\*.h C:\ROOT\solipsis\trunk\Sources\Modelers\AvatarTools\..\..\..\Dependencies\AvatarTools\include\. /y&#x0D;&#x0A;if not exist C:\ROOT\solipsis\trunk\Sources\Modelers\AvatarTools\..\..\..\Dependencies\AvatarTools\lib mkdir C:\ROOT\solipsis\trunk\Sources\Modelers\AvatarTools\..\..\..\Dependencies\AvatarTools\lib&#x0D;&#x0A;copy $(TargetDir)libAvatarTools_vc8_d.a C:\ROOT\solipsis\trunk\Sources\Modelers\AvatarTools\..\..\..\Dependencies\AvatarTools\lib\. /y&#x0D;&#x0A;" />
				</ExtraCommands>
			</Target>
			<Target title="Release Win32">
				<Option output="obj\Release Win32\libAvatarTools_vc8" prefix_auto="1" extension_auto="1" />
				<Option working_dir="" />
				<Option object_output="obj\Release Win32" />
				<Option type="2" />
				<Option compiler="gcc" />
				<Option createDefFile="1" />
				<Compiler>
					<Add option="-DWIN32" />
					<Add option="-DNDEBUG" />
					<Add option="-W" />
					<Add directory="include" />
					<Add directory="$(OGRE_HOME)\Dependencies\include" />
					<Add directory="$(OGRE_HOME)\OgreMain\include" />
					<Add directory="$(OGRE_HOME)\include" />
					<Add directory="..\..\..\Dependencies" />
					<Add directory="..\..\..\Dependencies\MdlrTools\include" />
					<Add directory="..\..\..\Dependencies\pthreads\include" />
					<Add directory="..\..\..\Dependencies\tinyxml\include" />
					<Add directory="..\..\..\Dependencies\VoiceEngine\include" />
					<Add directory="..\..\..\Dependencies\CommonTools\include" />
					<Add directory="..\..\..\Dependencies\Phonetizer\include" />
					<Add directory="..\..\..\Dependencies\FaceController\include" />
					<Add directory="..\..\..\Dependencies\protocols\XmlDatas\include" />
				</Compiler>
				<ResourceCompiler>
					<Add directory="include" />
					<Add directory="$(OGRE_HOME)\Dependencies\include" />
					<Add directory="$(OGRE_HOME)\OgreMain\include" />
					<Add directory="$(OGRE_HOME)\include" />
					<Add directory="..\..\..\Dependencies" />
					<Add directory="..\..\..\Dependencies\MdlrTools\include" />
					<Add directory="..\..\..\Dependencies\pthreads\include" />
					<Add directory="..\..\..\Dependencies\tinyxml\include" />
					<Add directory="..\..\..\Dependencies\VoiceEngine\include" />
					<Add directory="..\..\..\Dependencies\CommonTools\include" />
					<Add directory="..\..\..\Dependencies\Phonetizer\include" />
					<Add directory="..\..\..\Dependencies\FaceController\include" />
					<Add directory="..\..\..\Dependencies\protocols\XmlDatas\include" />
				</ResourceCompiler>
				<ExtraCommands>
					<Add after="if not exist C:\ROOT\solipsis\trunk\Sources\Modelers\AvatarTools\..\..\..\Dependencies\AvatarTools\include mkdir C:\ROOT\solipsis\trunk\Sources\Modelers\AvatarTools\..\..\..\Dependencies\AvatarTools\include&#x0D;&#x0A;xcopy C:\ROOT\solipsis\trunk\Sources\Modelers\AvatarTools\include\*.h C:\ROOT\solipsis\trunk\Sources\Modelers\AvatarTools\..\..\..\Dependencies\AvatarTools\include\. /y&#x0D;&#x0A;if not exist C:\ROOT\solipsis\trunk\Sources\Modelers\AvatarTools\..\..\..\Dependencies\AvatarTools\lib mkdir C:\ROOT\solipsis\trunk\Sources\Modelers\AvatarTools\..\..\..\Dependencies\AvatarTools\lib&#x0D;&#x0A;copy $(TargetDir)libAvatarTools_vc8.a C:\ROOT\solipsis\trunk\Sources\Modelers\AvatarTools\..\..\..\Dependencies\AvatarTools\lib\. /y&#x0D;&#x0A;" />
				</ExtraCommands>
			</Target>
		</Build>
		<Unit filename="README" />
		<Unit filename="TODO" />
		<Unit filename="src\AvatarEditor.cpp" />
		<Unit filename="src\BodyPart.cpp" />
		<Unit filename="src\BodyPartModel.cpp" />
		<Unit filename="src\Character.cpp" />
		<Unit filename="src\CharacterInstance.cpp" />
		<Unit filename="src\CharacterManager.cpp" />
		<Unit filename="src\CoupleOfPoses.cpp" />
		<Unit filename="src\Goody.cpp" />
		<Unit filename="src\GoodyModel.cpp" />
		<Unit filename="src\IFaceController.cpp" />
		<Unit filename="src\IFaceControllerCreator.cpp" />
		<Unit filename="src\ModifiableMaterialObject.cpp" />
		<Unit filename="src\MouthFlapper.cpp" />
		<Unit filename="src\MouthFlapperCreator.cpp" />
		<Unit filename="include\AvatarEditor.h" />
		<Unit filename="include\BodyPart.h" />
		<Unit filename="include\BodyPartModel.h" />
		<Unit filename="include\Character.h" />
		<Unit filename="include\CharacterInstance.h" />
		<Unit filename="include\CharacterManager.h" />
		<Unit filename="include\CoupleOfPoses.h" />
		<Unit filename="include\Goody.h" />
		<Unit filename="include\GoodyModel.h" />
		<Unit filename="include\ModifiableMaterialObject.h" />
		<Unit filename="include\MouthFlapper.h" />
		<Unit filename="include\MouthFlapperCreator.h" />
		<Extensions>
			<code_completion />
			<debugger />
		</Extensions>
	</Project>
</CodeBlocks_project_file>
