<?xml version="1.0" encoding="UTF-8" standalone="yes" ?>
<CodeBlocks_project_file>
	<FileVersion major="1" minor="6" />
	<Project>
		<Option title="VoiceEngineClient" />
		<Option pch_mode="2" />
		<Option compiler="gcc" />
		<Build>
			<Target title="Debug Win32">
				<Option output="lib" prefix_auto="1" extension_auto="1" />
				<Option working_dir="" />
				<Option object_output="C:\ROOT\solipsis\trunk\Sources\Voice\voiceEngine\Client\Debug Win32" />
				<Option type="2" />
				<Option compiler="gcc" />
				<Option createDefFile="1" />
				<Compiler>
					<Add option="-DWIN32" />
					<Add option="-D_DEBUG" />
					<Add option="-D_WINDOWS" />
					<Add option="-D_USRDLL" />
					<Add option="-D_CRT_SECURE_NO_WARNINGS" />
					<Add option="-W" />
					<Add option="-g" />
					<Add option="-O0" />
					<Add directory="..\..\..\..\Dependencies\pthreads\include" />
					<Add directory="$(BOOST_ROOT)" />
					<Add directory="$(FMOD_PATH)\inc" />
					<Add directory="..\..\..\..\Dependencies\speex\include" />
					<Add directory="..\..\..\..\Dependencies\VoiceEngine\include" />
					<Add directory="..\..\..\..\Dependencies\Phonetizer\include" />
					<Add directory="..\..\..\..\Dependencies\CommonTools\include" />
					<Add directory="..\..\..\..\Dependencies\SimpleVoiceEngineProtocol\include" />
					<Add directory="..\..\..\..\Dependencies\protocols\XmlDatas\include" />
				</Compiler>
				<ResourceCompiler>
					<Add directory="..\..\..\..\Dependencies\pthreads\include" />
					<Add directory="$(BOOST_ROOT)" />
					<Add directory="$(FMOD_PATH)\inc" />
					<Add directory="..\..\..\..\Dependencies\speex\include" />
					<Add directory="..\..\..\..\Dependencies\VoiceEngine\include" />
					<Add directory="..\..\..\..\Dependencies\Phonetizer\include" />
					<Add directory="..\..\..\..\Dependencies\CommonTools\include" />
					<Add directory="..\..\..\..\Dependencies\SimpleVoiceEngineProtocol\include" />
					<Add directory="..\..\..\..\Dependencies\protocols\XmlDatas\include" />
				</ResourceCompiler>
				<ExtraCommands>
					<Add after="if not exist ..\..\..\..\Dependencies\VoiceEngineClient\include mkdir ..\..\..\..\Dependencies\VoiceEngineClient\include&#x0D;&#x0A;xcopy *.h ..\..\..\..\Dependencies\VoiceEngineClient\include /y&#x0D;&#x0A;if not exist ..\..\..\..\Dependencies\VoiceEngineClient\lib\Debug Win32 mkdir ..\..\..\..\Dependencies\VoiceEngineClient\lib\Debug Win32&#x0D;&#x0A;copy  ..\..\..\..\Dependencies\VoiceEngineClient\lib\Debug Win32&#x0D;&#x0A;" />
				</ExtraCommands>
			</Target>
			<Target title="Release Win32">
				<Option output="lib" prefix_auto="1" extension_auto="1" />
				<Option working_dir="" />
				<Option object_output="C:\ROOT\solipsis\trunk\Sources\Voice\voiceEngine\Client\Release Win32" />
				<Option type="2" />
				<Option compiler="gcc" />
				<Option createDefFile="1" />
				<Compiler>
					<Add option="-DWIN32" />
					<Add option="-DNDEBUG" />
					<Add option="-D_WINDOWS" />
					<Add option="-D_USRDLL" />
					<Add option="-D_CRT_SECURE_NO_WARNINGS" />
					<Add option="-W" />
					<Add directory="..\..\..\..\Dependencies\pthreads\include" />
					<Add directory="$(BOOST_ROOT)" />
					<Add directory="$(FMOD_PATH)\inc" />
					<Add directory="..\..\..\..\Dependencies\speex\include" />
					<Add directory="..\..\..\..\Dependencies\VoiceEngine\include" />
					<Add directory="..\..\..\..\Dependencies\Phonetizer\include" />
					<Add directory="..\..\..\..\Dependencies\CommonTools\include" />
					<Add directory="..\..\..\..\Dependencies\SimpleVoiceEngineProtocol\include" />
					<Add directory="..\..\..\..\Dependencies\protocols\XmlDatas\include" />
				</Compiler>
				<ResourceCompiler>
					<Add directory="..\..\..\..\Dependencies\pthreads\include" />
					<Add directory="$(BOOST_ROOT)" />
					<Add directory="$(FMOD_PATH)\inc" />
					<Add directory="..\..\..\..\Dependencies\speex\include" />
					<Add directory="..\..\..\..\Dependencies\VoiceEngine\include" />
					<Add directory="..\..\..\..\Dependencies\Phonetizer\include" />
					<Add directory="..\..\..\..\Dependencies\CommonTools\include" />
					<Add directory="..\..\..\..\Dependencies\SimpleVoiceEngineProtocol\include" />
					<Add directory="..\..\..\..\Dependencies\protocols\XmlDatas\include" />
				</ResourceCompiler>
				<ExtraCommands>
					<Add after="if not exist ..\..\..\..\Dependencies\VoiceEngineClient\include mkdir ..\..\..\..\Dependencies\VoiceEngineClient\include&#x0D;&#x0A;xcopy *.h ..\..\..\..\Dependencies\VoiceEngineClient\include /y&#x0D;&#x0A;if not exist ..\..\..\..\Dependencies\VoiceEngineClient\lib\Release Win32 mkdir ..\..\..\..\Dependencies\VoiceEngineClient\lib\Release Win32&#x0D;&#x0A;copy  ..\..\..\..\Dependencies\VoiceEngineClient\lib\Release Win32&#x0D;&#x0A;" />
				</ExtraCommands>
			</Target>
		</Build>
		<Unit filename="FModSpeexVoipHandler.cpp" />
		<Unit filename="voicebuffer.cpp" />
		<Unit filename="voicecodecspeex.cpp" />
		<Unit filename="FModSpeexVoipHandler.h" />
		<Unit filename="voicebuffer.h" />
		<Unit filename="voicecodec.h" />
		<Unit filename="voicecodecspeex.h" />
		<Unit filename="voiceformat.h" />
		<Unit filename="voicesource.h" />
		<Extensions>
			<code_completion />
			<debugger />
		</Extensions>
	</Project>
</CodeBlocks_project_file>
