<?xml version="1.0" encoding="UTF-8" standalone="yes" ?>
<CodeBlocks_project_file>
	<FileVersion major="1" minor="6" />
	<Project>
		<Option title="XMLRPCP2NServer" />
		<Option pch_mode="2" />
		<Option compiler="gcc" />
		<Build>
			<Target title="Debug Win32">
				<Option output="XMLRPCP2NServer_vc8" prefix_auto="1" extension_auto="1" />
				<Option object_output="C:\ROOT\solipsis\trunk\Sources\Communication\P2N\P2NServer\xmlrpc++\Debug Win32" />
				<Option type="3" />
				<Option compiler="gcc" />
				<Option createDefFile="1" />
				<Option createStaticLib="1" />
				<Compiler>
					<Add option="-DWIN32" />
					<Add option="-D_DEBUG" />
					<Add option="-D_WINDOWS" />
					<Add option="-D_USRDLL" />
					<Add option="-DXMLRPCP2NSERVER_EXPORTS" />
					<Add option="-DP2NSERVER_SELF_BUILD" />
					<Add option="-W" />
					<Add option="-g" />
					<Add option="-O0" />
					<Add directory="$(OGRE_HOME)\Dependencies\include" />
					<Add directory="$(OGRE_HOME)\OgreMain\include" />
					<Add directory="$(OGRE_HOME)\include" />
					<Add directory="..\..\..\..\..\Dependencies\pthreads\include" />
					<Add directory="..\..\..\..\..\Dependencies\tinyxml\include" />
					<Add directory="..\..\..\..\..\Dependencies\xmlrpc++\include" />
					<Add directory="..\..\P2NClient" />
					<Add directory="..\..\..\..\..\Dependencies\protocols\XmlDatas\include" />
					<Add directory="..\..\P2NServer" />
				</Compiler>
				<ResourceCompiler>
					<Add directory="$(OGRE_HOME)\Dependencies\include" />
					<Add directory="$(OGRE_HOME)\OgreMain\include" />
					<Add directory="$(OGRE_HOME)\include" />
					<Add directory="..\..\..\..\..\Dependencies\pthreads\include" />
					<Add directory="..\..\..\..\..\Dependencies\tinyxml\include" />
					<Add directory="..\..\..\..\..\Dependencies\xmlrpc++\include" />
					<Add directory="..\..\P2NClient" />
					<Add directory="..\..\..\..\..\Dependencies\protocols\XmlDatas\include" />
					<Add directory="..\..\P2NServer" />
				</ResourceCompiler>
				<Linker>
					<Add library="pthreadVC_d" />
					<Add library="wsock32" />
					<Add library="XmlRpc_d" />
					<Add directory="..\..\..\..\..\Dependencies\pthreads\lib" />
					<Add directory="..\..\..\..\..\Dependencies\xmlrpc++\lib" />
				</Linker>
				<ExtraCommands>
					<Add after="if not exist ..\..\..\..\..\Dependencies\protocols\P2NServer\xmlrpc++ mkdir ..\..\..\..\..\Dependencies\protocols\P2NServer\xmlrpc++&#x0D;&#x0A;if not exist ..\..\..\..\..\Dependencies\protocols\P2NServer mkdir ..\..\..\..\..\Dependencies\protocols\P2NServer&#x0D;&#x0A;copy ..\IP2NServer.h ..\..\..\..\..\Dependencies\protocols\P2NServer&#x0D;&#x0A;if not exist ..\..\..\..\..\Dependencies\protocols\P2NServer\xmlrpc++\Debug Win32DLL mkdir ..\..\..\..\..\Dependencies\protocols\P2NServer\xmlrpc++\Debug Win32DLL&#x0D;&#x0A;copy  ..\..\..\..\..\Dependencies\protocols\P2NServer\xmlrpc++\Debug Win32DLL&#x0D;&#x0A;copy $(TargetDir)$(TargetName).lib ..\..\..\..\..\Dependencies\protocols\P2NServer\xmlrpc++\Debug Win32DLL&#x0D;&#x0A;" />
				</ExtraCommands>
			</Target>
			<Target title="Release Win32">
				<Option output="C:\ROOT\solipsis\trunk\Sources\Communication\P2N\P2NServer\xmlrpc++\Release Win32\XMLRPCP2NServer" prefix_auto="1" extension_auto="1" />
				<Option object_output="C:\ROOT\solipsis\trunk\Sources\Communication\P2N\P2NServer\xmlrpc++\Release Win32" />
				<Option type="3" />
				<Option compiler="gcc" />
				<Option createDefFile="1" />
				<Option createStaticLib="1" />
				<Compiler>
					<Add option="-DWIN32" />
					<Add option="-DNDEBUG" />
					<Add option="-D_WINDOWS" />
					<Add option="-D_USRDLL" />
					<Add option="-DXMLRPCP2NSERVER_EXPORTS" />
					<Add option="-DP2NSERVER_SELF_BUILD" />
					<Add option="-W" />
					<Add directory="$(OGRE_HOME)\Dependencies\include" />
					<Add directory="$(OGRE_HOME)\OgreMain\include" />
					<Add directory="$(OGRE_HOME)\include" />
					<Add directory="..\..\..\..\..\Dependencies\pthreads\include" />
					<Add directory="..\..\..\..\..\Dependencies\tinyxml\include" />
					<Add directory="..\..\..\..\..\Dependencies\xmlrpc++\include" />
					<Add directory="..\..\P2NClient" />
					<Add directory="..\..\..\..\..\Dependencies\protocols\XmlDatas\include" />
					<Add directory="..\..\P2NServer" />
				</Compiler>
				<ResourceCompiler>
					<Add directory="$(OGRE_HOME)\Dependencies\include" />
					<Add directory="$(OGRE_HOME)\OgreMain\include" />
					<Add directory="$(OGRE_HOME)\include" />
					<Add directory="..\..\..\..\..\Dependencies\pthreads\include" />
					<Add directory="..\..\..\..\..\Dependencies\tinyxml\include" />
					<Add directory="..\..\..\..\..\Dependencies\xmlrpc++\include" />
					<Add directory="..\..\P2NClient" />
					<Add directory="..\..\..\..\..\Dependencies\protocols\XmlDatas\include" />
					<Add directory="..\..\P2NServer" />
				</ResourceCompiler>
				<Linker>
					<Add library="pthreadVC" />
					<Add library="wsock32" />
					<Add library="XmlRpc" />
					<Add directory="..\..\..\..\..\Dependencies\pthreads\lib" />
					<Add directory="..\..\..\..\..\Dependencies\xmlrpc++\lib" />
				</Linker>
				<ExtraCommands>
					<Add after="if not exist ..\..\..\..\..\Dependencies\protocols\P2NServer\xmlrpc++ mkdir ..\..\..\..\..\Dependencies\protocols\P2NServer\xmlrpc++&#x0D;&#x0A;if not exist ..\..\..\..\..\Dependencies\protocols\P2NServer mkdir ..\..\..\..\..\Dependencies\protocols\P2NServer&#x0D;&#x0A;copy ..\IP2NServer.h ..\..\..\..\..\Dependencies\protocols\P2NServer&#x0D;&#x0A;if not exist ..\..\..\..\..\Dependencies\protocols\P2NServer\xmlrpc++\Release Win32DLL mkdir ..\..\..\..\..\Dependencies\protocols\P2NServer\xmlrpc++\Release Win32DLL&#x0D;&#x0A;copy C:\ROOT\solipsis\trunk\Sources\Communication\P2N\P2NServer\xmlrpc++\Release Win32\ ..\..\..\..\..\Dependencies\protocols\P2NServer\xmlrpc++\Release Win32DLL&#x0D;&#x0A;copy $(TargetDir)$(TargetName).lib ..\..\..\..\..\Dependencies\protocols\P2NServer\xmlrpc++\Release Win32DLL&#x0D;&#x0A;" />
				</ExtraCommands>
			</Target>
		</Build>
		<Unit filename="AbstractP2NMethod.cpp" />
		<Unit filename="HandleEvtMethod.cpp" />
		<Unit filename="LoginMethod.cpp" />
		<Unit filename="LogoutMethod.cpp" />
		<Unit filename="P2NServer.cpp" />
		<Unit filename="SendEvtMethod.cpp" />
		<Unit filename="AbstractP2NMethod.h" />
		<Unit filename="HandleEvtMethod.h" />
		<Unit filename="..\IP2NServer.h" />
		<Unit filename="LoginMethod.h" />
		<Unit filename="LogoutMethod.h" />
		<Unit filename="P2NServer.h" />
		<Unit filename="P2NServerMethods.h" />
		<Unit filename="SendEvtMethod.h" />
		<Extensions>
			<code_completion />
			<debugger />
		</Extensions>
	</Project>
</CodeBlocks_project_file>
