<?xml version="1.0" encoding="UTF-8" standalone="yes" ?>
<CodeBlocks_project_file>
	<FileVersion major="1" minor="6" />
	<Project>
		<Option title="XmlDatas" />
		<Option pch_mode="2" />
		<Option compiler="gcc" />
		<Build>
			<Target title="Debug Win32">
				<Option output="C:\ROOT\solipsis\trunk\Sources\Communication\XmlDatas\Debug Win32\XmlDatas" prefix_auto="1" extension_auto="1" />
				<Option object_output="C:\ROOT\solipsis\trunk\Sources\Communication\XmlDatas\Debug Win32" />
				<Option type="3" />
				<Option compiler="gcc" />
				<Option createDefFile="1" />
				<Option createStaticLib="1" />
				<Compiler>
					<Add option="-DWIN32" />
					<Add option="-D_DEBUG" />
					<Add option="-D_WINDOWS" />
					<Add option="-D_USRDLL" />
					<Add option="-DXMLDATAS_EXPORTS" />
					<Add option="-DXMLDATAS_SELF_BUILD" />
					<Add option="-W" />
					<Add option="-g" />
					<Add option="-O0" />
					<Add directory="..\..\..\Dependencies\pthreads\include" />
					<Add directory="..\..\..\Dependencies\tinyxml\include" />
					<Add directory="..\..\..\Dependencies\libiconv\include" />
					<Add directory="$(OGRE_HOME)\Dependencies\include" />
					<Add directory="$(OGRE_HOME)\OgreMain\include" />
					<Add directory="$(OGRE_HOME)\include" />
				</Compiler>
				<ResourceCompiler>
					<Add directory="..\..\..\Dependencies\pthreads\include" />
					<Add directory="..\..\..\Dependencies\tinyxml\include" />
					<Add directory="..\..\..\Dependencies\libiconv\include" />
					<Add directory="$(OGRE_HOME)\Dependencies\include" />
					<Add directory="$(OGRE_HOME)\OgreMain\include" />
					<Add directory="$(OGRE_HOME)\include" />
				</ResourceCompiler>
				<Linker>
					<Add library="pthreadVC_d" />
					<Add library="tinyxmld" />
					<Add library="libiconv" />
					<Add library="OgreMain_d" />
					<Add directory="..\..\..\Dependencies\pthreads\lib" />
					<Add directory="..\..\..\Dependencies\tinyxml\lib" />
					<Add directory="..\..\..\Dependencies\libiconv\lib" />
					<Add directory="$(OGRE_HOME)\lib" />
					<Add directory="$(OGRE_HOME)\Dependencies\lib\Debug Win32" />
				</Linker>
				<ExtraCommands>
					<Add after="if not exist ..\..\..\Dependencies\protocols\XmlDatas\include mkdir ..\..\..\Dependencies\protocols\XmlDatas\include&#x0D;&#x0A;xcopy *.h ..\..\..\Dependencies\protocols\XmlDatas\include /y&#x0D;&#x0A;if not exist ..\..\..\Dependencies\protocols\XmlDatas\lib\Debug Win32DLL mkdir ..\..\..\Dependencies\protocols\XmlDatas\lib\Debug Win32DLL&#x0D;&#x0A;copy C:\ROOT\solipsis\trunk\Sources\Communication\XmlDatas\Debug Win32\ ..\..\..\Dependencies\protocols\XmlDatas\lib\Debug Win32DLL&#x0D;&#x0A;copy $(TargetDir)$(TargetName).lib ..\..\..\Dependencies\protocols\XmlDatas\lib\Debug Win32DLL&#x0D;&#x0A;" />
				</ExtraCommands>
			</Target>
			<Target title="Release Win32">
				<Option output="C:\ROOT\solipsis\trunk\Sources\Communication\XmlDatas\Release Win32\XmlDatas" prefix_auto="1" extension_auto="1" />
				<Option object_output="C:\ROOT\solipsis\trunk\Sources\Communication\XmlDatas\Release Win32" />
				<Option type="3" />
				<Option compiler="gcc" />
				<Option createDefFile="1" />
				<Option createStaticLib="1" />
				<Compiler>
					<Add option="-DWIN32" />
					<Add option="-DNDEBUG" />
					<Add option="-D_WINDOWS" />
					<Add option="-D_USRDLL" />
					<Add option="-DXMLDATAS_EXPORTS" />
					<Add option="-DXMLDATAS_SELF_BUILD" />
					<Add option="-W" />
					<Add directory="..\..\..\Dependencies\pthreads\include" />
					<Add directory="..\..\..\Dependencies\tinyxml\include" />
					<Add directory="..\..\..\Dependencies\libiconv\include" />
					<Add directory="$(OGRE_HOME)\Dependencies\include" />
					<Add directory="$(OGRE_HOME)\OgreMain\include" />
					<Add directory="$(OGRE_HOME)\include" />
				</Compiler>
				<ResourceCompiler>
					<Add directory="..\..\..\Dependencies\pthreads\include" />
					<Add directory="..\..\..\Dependencies\tinyxml\include" />
					<Add directory="..\..\..\Dependencies\libiconv\include" />
					<Add directory="$(OGRE_HOME)\Dependencies\include" />
					<Add directory="$(OGRE_HOME)\OgreMain\include" />
					<Add directory="$(OGRE_HOME)\include" />
				</ResourceCompiler>
				<Linker>
					<Add library="pthreadVC" />
					<Add library="tinyxml" />
					<Add library="libiconv" />
					<Add library="OgreMain" />
					<Add directory="..\..\..\Dependencies\pthreads\lib" />
					<Add directory="..\..\..\Dependencies\tinyxml\lib" />
					<Add directory="..\..\..\Dependencies\libiconv\lib" />
					<Add directory="$(OGRE_HOME)\lib" />
					<Add directory="$(OGRE_HOME)\Dependencies\lib\Release Win32" />
				</Linker>
				<ExtraCommands>
					<Add after="if not exist ..\..\..\Dependencies\protocols\XmlDatas\include mkdir ..\..\..\Dependencies\protocols\XmlDatas\include&#x0D;&#x0A;xcopy *.h ..\..\..\Dependencies\protocols\XmlDatas\include /y&#x0D;&#x0A;if not exist ..\..\..\Dependencies\protocols\XmlDatas\lib\Release Win32DLL mkdir ..\..\..\Dependencies\protocols\XmlDatas\lib\Release Win32DLL&#x0D;&#x0A;copy C:\ROOT\solipsis\trunk\Sources\Communication\XmlDatas\Release Win32\ ..\..\..\Dependencies\protocols\XmlDatas\lib\Release Win32DLL&#x0D;&#x0A;copy $(TargetDir)$(TargetName).lib ..\..\..\Dependencies\protocols\XmlDatas\lib\Release Win32DLL&#x0D;&#x0A;" />
				</ExtraCommands>
			</Target>
		</Build>
		<Unit filename="PoolEntry.h" />
		<Unit filename="XmlDatasBasicTypes.h" />
		<Unit filename="XmlDatasPrerequisites.h" />
		<Unit filename="XmlDatasTypedefs.h" />
		<Unit filename="XmlHelpers.cpp" />
		<Unit filename="XmlHelpers.h" />
		<Unit filename="XmlAction.cpp" />
		<Unit filename="XmlAction.h" />
		<Unit filename="XmlContent.cpp" />
		<Unit filename="XmlContent.h" />
		<Unit filename="XmlDatas.h" />
		<Unit filename="XmlEntity.cpp" />
		<Unit filename="XmlEntity.h" />
		<Unit filename="XmlEvt.cpp" />
		<Unit filename="XmlEvt.h" />
		<Unit filename="XmlLodContent.cpp" />
		<Unit filename="XmlLodContent.h" />
		<Unit filename="XmlLogin.cpp" />
		<Unit filename="XmlLogin.h" />
		<Unit filename="XmlSceneContent.cpp" />
		<Unit filename="XmlSceneContent.h" />
		<Unit filename="XmlSceneLodContent.cpp" />
		<Unit filename="XmlSceneLodContent.h" />
		<Extensions>
			<code_completion />
			<debugger />
		</Extensions>
	</Project>
</CodeBlocks_project_file>
