<?xml version="1.0" encoding="UTF-8" standalone="yes" ?>
<CodeBlocks_project_file>
	<FileVersion major="1" minor="6" />
	<Project>
		<Option title="Navigator" />
		<Option pch_mode="2" />
		<Option compiler="gcc" />
		<Build>
			<Target title="Debug Win32">
				<Option output="NavigatorLauncher_vc8" prefix_auto="1" extension_auto="1" />
				<Option object_output="C:\ROOT\solipsis\trunk\Sources\Navigator\NavigatorLauncher\Debug Win32" />
				<Option type="0" />
				<Option compiler="gcc" />
				<Compiler>
					<Add option="-DWIN32" />
					<Add option="-D_DEBUG" />
					<Add option="-D_WINDOWS" />
					<Add option="-DUSE_WINDOWS_DEBUG" />
					<Add option="-W" />
					<Add option="-g" />
					<Add option="-O0" />
					<Add directory="..\..\..\Dependencies\pthreads\include" />
					<Add directory="..\..\..\Dependencies\CommonTools\include" />
					<Add directory="..\..\..\Dependencies\NavigatorModule\include" />
				</Compiler>
				<ResourceCompiler>
					<Add directory="..\..\..\Dependencies\pthreads\include" />
					<Add directory="..\..\..\Dependencies\CommonTools\include" />
					<Add directory="..\..\..\Dependencies\NavigatorModule\include" />
				</ResourceCompiler>
				<Linker>
					<Add library="pthreadVC_d" />
					<Add library="CommonTools" />
					<Add library="Navigator" />
					<Add directory="..\..\..\Dependencies\pthreads\lib" />
					<Add directory="..\..\..\Dependencies\CommonTools\lib\Debug Win32" />
					<Add directory="..\..\..\Dependencies\NavigatorModule\lib\Debug Win32" />
				</Linker>
			</Target>
			<Target title="Release Win32">
				<Option output="NavigatorLauncher_vc8" prefix_auto="1" extension_auto="1" />
				<Option object_output="C:\ROOT\solipsis\trunk\Sources\Navigator\NavigatorLauncher\Release Win32" />
				<Option type="0" />
				<Option compiler="gcc" />
				<Compiler>
					<Add option="-DWIN32" />
					<Add option="-DNDEBUG" />
					<Add option="-D_WINDOWS" />
					<Add option="-W" />
					<Add directory="..\..\..\Dependencies\pthreads\include" />
					<Add directory="..\..\..\Dependencies\CommonTools\include" />
					<Add directory="..\..\..\Dependencies\NavigatorModule\include" />
				</Compiler>
				<ResourceCompiler>
					<Add directory="..\..\..\Dependencies\pthreads\include" />
					<Add directory="..\..\..\Dependencies\CommonTools\include" />
					<Add directory="..\..\..\Dependencies\NavigatorModule\include" />
				</ResourceCompiler>
				<Linker>
					<Add library="pthreadVC" />
					<Add library="CommonTools" />
					<Add library="Navigator" />
					<Add directory="..\..\..\Dependencies\pthreads\lib" />
					<Add directory="..\..\..\Dependencies\CommonTools\lib\Release Win32" />
					<Add directory="..\..\..\Dependencies\NavigatorModule\lib\Release Win32" />
				</Linker>
			</Target>
			<Target title="DebugNCS Win32">
				<Option output="NavigatorLauncher_vc8" prefix_auto="1" extension_auto="1" />
				<Option object_output="C:\ROOT\solipsis\trunk\Sources\Navigator\NavigatorLauncher\DebugNCS Win32" />
				<Option type="0" />
				<Option compiler="gcc" />
				<Compiler>
					<Add option="-DWIN32" />
					<Add option="-D_DEBUG" />
					<Add option="-D_WINDOWS" />
					<Add option="-DNULLCLIENTSERVER" />
					<Add option="-DUSE_WINDOWS_DEBUG" />
					<Add option="-W" />
					<Add option="-g" />
					<Add option="-O0" />
					<Add directory="..\..\..\Dependencies\pthreads\include" />
					<Add directory="..\..\..\Dependencies\CommonTools\include" />
					<Add directory="..\..\..\Dependencies\NavigatorModule\include" />
					<Add directory="..\..\..\Dependencies\PeerModule\include" />
				</Compiler>
				<ResourceCompiler>
					<Add directory="..\..\..\Dependencies\pthreads\include" />
					<Add directory="..\..\..\Dependencies\CommonTools\include" />
					<Add directory="..\..\..\Dependencies\NavigatorModule\include" />
					<Add directory="..\..\..\Dependencies\PeerModule\include" />
				</ResourceCompiler>
				<Linker>
					<Add library="pthreadVC_d" />
					<Add library="CommonTools" />
					<Add library="Navigator" />
					<Add library="Peer" />
					<Add directory="..\..\..\Dependencies\pthreads\lib" />
					<Add directory="..\..\..\Dependencies\CommonTools\lib\Debug" />
					<Add directory="..\..\..\Dependencies\NavigatorModule\lib\Debug" />
					<Add directory="..\..\..\Dependencies\PeerModule\lib\Debug" />
				</Linker>
			</Target>
			<Target title="ReleaseNCS Win32">
				<Option output="NavigatorLauncher_vc8" prefix_auto="1" extension_auto="1" />
				<Option object_output="C:\ROOT\solipsis\trunk\Sources\Navigator\NavigatorLauncher\ReleaseNCS Win32" />
				<Option type="0" />
				<Option compiler="gcc" />
				<Compiler>
					<Add option="-DWIN32" />
					<Add option="-DNDEBUG" />
					<Add option="-D_WINDOWS" />
					<Add option="-DNULLCLIENTSERVER" />
					<Add option="-W" />
					<Add directory="..\..\..\Dependencies\pthreads\include" />
					<Add directory="..\..\..\Dependencies\CommonTools\include" />
					<Add directory="..\..\..\Dependencies\NavigatorModule\include" />
					<Add directory="..\..\..\Dependencies\PeerModule\include" />
				</Compiler>
				<ResourceCompiler>
					<Add directory="..\..\..\Dependencies\pthreads\include" />
					<Add directory="..\..\..\Dependencies\CommonTools\include" />
					<Add directory="..\..\..\Dependencies\NavigatorModule\include" />
					<Add directory="..\..\..\Dependencies\PeerModule\include" />
				</ResourceCompiler>
				<Linker>
					<Add library="pthreadVC" />
					<Add library="CommonTools" />
					<Add library="Navigator" />
					<Add library="Peer" />
					<Add directory="..\..\..\Dependencies\pthreads\lib" />
					<Add directory="..\..\..\Dependencies\CommonTools\lib\Release" />
					<Add directory="..\..\..\Dependencies\NavigatorModule\lib\Release" />
					<Add directory="..\..\..\Dependencies\PeerModule\lib\Release" />
				</Linker>
			</Target>
		</Build>
		<Unit filename="NavigatorApp.cpp" />
		<Unit filename="resource.h" />
		<Unit filename="winres.h" />
		<Unit filename="Navigator.rc">
			<Option compilerVar="WINDRES" />
		</Unit>
		<Unit filename="Solipsis.ico" />
		<Extensions>
			<code_completion />
			<debugger />
		</Extensions>
	</Project>
</CodeBlocks_project_file>
