<?xml version="1.0" encoding="utf-8"?>
<Project ToolsVersion="4.0" xmlns="http://schemas.microsoft.com/developer/msbuild/2003">
  <ItemGroup>
    <Filter Include="Source Files">
      <UniqueIdentifier>{4FC737F1-C7A5-4376-A066-2A32D752A2FF}</UniqueIdentifier>
      <Extensions>cpp;c;cc;cxx;def;odl;idl;hpj;bat;asm;asmx</Extensions>
    </Filter>
    <Filter Include="Header Files">
      <UniqueIdentifier>{93995380-89BD-4b04-88EB-625FBE52EBFB}</UniqueIdentifier>
      <Extensions>h;hpp;hxx;hm;inl;inc;xsd</Extensions>
    </Filter>
    <Filter Include="Resource Files">
      <UniqueIdentifier>{67DA6AB6-F800-4c08-8B7A-83BB121AAD01}</UniqueIdentifier>
      <Extensions>rc;ico;cur;bmp;dlg;rc2;rct;bin;rgs;gif;jpg;jpeg;jpe;resx;tiff;tif;png;wav</Extensions>
    </Filter>
  </ItemGroup>
  <ItemGroup>
    <ClCompile Include="CTBase64.cpp">
      <Filter>Source Files</Filter>
    </ClCompile>
    <ClCompile Include="CTBasicThread.cpp">
      <Filter>Source Files</Filter>
    </ClCompile>
    <ClCompile Include="CTCrashReporterWin.cpp">
      <Filter>Source Files</Filter>
    </ClCompile>
    <ClCompile Include="CTException.cpp">
      <Filter>Source Files</Filter>
    </ClCompile>
    <ClCompile Include="CTIO.cpp">
      <Filter>Source Files</Filter>
    </ClCompile>
    <ClCompile Include="CTIOLinux.cpp">
      <Filter>Source Files</Filter>
    </ClCompile>
    <ClCompile Include="CTIOWin.cpp">
      <Filter>Source Files</Filter>
    </ClCompile>
    <ClCompile Include="CTLog.cpp">
      <Filter>Source Files</Filter>
    </ClCompile>
    <ClCompile Include="CTNetSocket.cpp">
      <Filter>Source Files</Filter>
    </ClCompile>
    <ClCompile Include="CTStatsManager.cpp">
      <Filter>Source Files</Filter>
    </ClCompile>
    <ClCompile Include="CTStringHelpers.cpp">
      <Filter>Source Files</Filter>
    </ClCompile>
    <ClCompile Include="CTSystem.cpp">
      <Filter>Source Files</Filter>
    </ClCompile>
    <ClCompile Include="CTSystemLinux.cpp">
      <Filter>Source Files</Filter>
    </ClCompile>
    <ClCompile Include="CTSystemWin.cpp">
      <Filter>Source Files</Filter>
    </ClCompile>
    <ClCompile Include="CTTimerLinux.cpp">
      <Filter>Source Files</Filter>
    </ClCompile>
    <ClCompile Include="CTTimerWin.cpp">
      <Filter>Source Files</Filter>
    </ClCompile>
  </ItemGroup>
  <ItemGroup>
    <ClInclude Include="CTBase64.h">
      <Filter>Header Files</Filter>
    </ClInclude>
    <ClInclude Include="CTBasicThread.h">
      <Filter>Header Files</Filter>
    </ClInclude>
    <ClInclude Include="CTCrashReporter.h">
      <Filter>Header Files</Filter>
    </ClInclude>
    <ClInclude Include="CTException.h">
      <Filter>Header Files</Filter>
    </ClInclude>
    <ClInclude Include="CTIO.h">
      <Filter>Header Files</Filter>
    </ClInclude>
    <ClInclude Include="CTLog.h">
      <Filter>Header Files</Filter>
    </ClInclude>
    <ClInclude Include="CTMaths.h">
      <Filter>Header Files</Filter>
    </ClInclude>
    <ClInclude Include="CTNetSocket.h">
      <Filter>Header Files</Filter>
    </ClInclude>
    <ClInclude Include="CTScopedMutexLock.h">
      <Filter>Header Files</Filter>
    </ClInclude>
    <ClInclude Include="CTSingleton.h">
      <Filter>Header Files</Filter>
    </ClInclude>
    <ClInclude Include="CTStatsManager.h">
      <Filter>Header Files</Filter>
    </ClInclude>
    <ClInclude Include="CTStringHelpers.h">
      <Filter>Header Files</Filter>
    </ClInclude>
    <ClInclude Include="CTSystem.h">
      <Filter>Header Files</Filter>
    </ClInclude>
    <ClInclude Include="CTTimer.h">
      <Filter>Header Files</Filter>
    </ClInclude>
    <ClInclude Include="direntWindows\dirent.h">
      <Filter>Header Files</Filter>
    </ClInclude>
  </ItemGroup>
</Project>