<?xml version="1.0" encoding="utf-8"?>
<Project ToolsVersion="4.0" xmlns="http://schemas.microsoft.com/developer/msbuild/2003">
  <ItemGroup>
    <Filter Include="Source Files">
      <UniqueIdentifier>{4FC737F1-C7A5-4376-A066-2A32D752A2FF}</UniqueIdentifier>
      <Extensions>cpp;c;cxx;def;odl;idl;hpj;bat;asm;asmx</Extensions>
    </Filter>
    <Filter Include="Source Files\minizip">
      <UniqueIdentifier>{041a9e53-13b4-405d-9a22-653f593d61c8}</UniqueIdentifier>
    </Filter>
    <Filter Include="Header Files">
      <UniqueIdentifier>{93995380-89BD-4b04-88EB-625FBE52EBFB}</UniqueIdentifier>
      <Extensions>h;hpp;hxx;hm;inl;inc;xsd</Extensions>
    </Filter>
    <Filter Include="Header Files\minizip">
      <UniqueIdentifier>{b7720c93-278b-4aa3-8191-2dccc7fec048}</UniqueIdentifier>
    </Filter>
    <Filter Include="Resource Files">
      <UniqueIdentifier>{67DA6AB6-F800-4c08-8B7A-83BB121AAD01}</UniqueIdentifier>
      <Extensions>rc;ico;cur;bmp;dlg;rc2;rct;bin;rgs;gif;jpg;jpeg;jpe;resx</Extensions>
    </Filter>
  </ItemGroup>
  <ItemGroup>
    <ClCompile Include="src\FileBrowser.cpp">
      <Filter>Source Files</Filter>
    </ClCompile>
    <ClCompile Include="src\FileBuffer.cpp">
      <Filter>Source Files</Filter>
    </ClCompile>
    <ClCompile Include="src\ModifiedMaterial.cpp">
      <Filter>Source Files</Filter>
    </ClCompile>
    <ClCompile Include="src\ModifiedMaterialManager.cpp">
      <Filter>Source Files</Filter>
    </ClCompile>
    <ClCompile Include="src\MyZipArchive.cpp">
      <Filter>Source Files</Filter>
    </ClCompile>
    <ClCompile Include="src\Object3D.cpp">
      <Filter>Source Files</Filter>
    </ClCompile>
    <ClCompile Include="src\Selection.cpp">
      <Filter>Source Files</Filter>
    </ClCompile>
    <ClCompile Include="src\SolidBoolOp.cpp">
      <Filter>Source Files</Filter>
    </ClCompile>
    <ClCompile Include="src\SolipsisErrorHandler.cpp">
      <Filter>Source Files</Filter>
    </ClCompile>
    <ClCompile Include="src\Transformations.cpp">
      <Filter>Source Files</Filter>
    </ClCompile>
    <ClCompile Include="src\minizip\ioapi.c">
      <Filter>Source Files\minizip</Filter>
    </ClCompile>
    <ClCompile Include="src\minizip\iowin32.c">
      <Filter>Source Files\minizip</Filter>
    </ClCompile>
    <ClCompile Include="src\minizip\unzip.c">
      <Filter>Source Files\minizip</Filter>
    </ClCompile>
    <ClCompile Include="src\minizip\zip.c">
      <Filter>Source Files\minizip</Filter>
    </ClCompile>
  </ItemGroup>
  <ItemGroup>
    <ClInclude Include="include\FileBrowser.h">
      <Filter>Header Files</Filter>
    </ClInclude>
    <ClInclude Include="include\FileBuffer.h">
      <Filter>Header Files</Filter>
    </ClInclude>
    <ClInclude Include="include\MeshModifier.h">
      <Filter>Header Files</Filter>
    </ClInclude>
    <ClInclude Include="include\ModifiedMaterial.h">
      <Filter>Header Files</Filter>
    </ClInclude>
    <ClInclude Include="include\ModifiedMaterialManager.h">
      <Filter>Header Files</Filter>
    </ClInclude>
    <ClInclude Include="include\MyZipArchive.h">
      <Filter>Header Files</Filter>
    </ClInclude>
    <ClInclude Include="include\Object3D.h">
      <Filter>Header Files</Filter>
    </ClInclude>
    <ClInclude Include="include\Path.h">
      <Filter>Header Files</Filter>
    </ClInclude>
    <ClInclude Include="include\Selection.h">
      <Filter>Header Files</Filter>
    </ClInclude>
    <ClInclude Include="include\SolidBoolOp.h">
      <Filter>Header Files</Filter>
    </ClInclude>
    <ClInclude Include="include\SolipsisErrorHandler.h">
      <Filter>Header Files</Filter>
    </ClInclude>
    <ClInclude Include="include\Transformations.h">
      <Filter>Header Files</Filter>
    </ClInclude>
    <ClInclude Include="include\VectorModifier.h">
      <Filter>Header Files</Filter>
    </ClInclude>
    <ClInclude Include="src\minizip\crypt.h">
      <Filter>Header Files\minizip</Filter>
    </ClInclude>
    <ClInclude Include="src\minizip\ioapi.h">
      <Filter>Header Files\minizip</Filter>
    </ClInclude>
    <ClInclude Include="src\minizip\iowin32.h">
      <Filter>Header Files\minizip</Filter>
    </ClInclude>
    <ClInclude Include="src\minizip\unzip.h">
      <Filter>Header Files\minizip</Filter>
    </ClInclude>
    <ClInclude Include="src\minizip\zip.h">
      <Filter>Header Files\minizip</Filter>
    </ClInclude>
  </ItemGroup>
  <ItemGroup>
    <None Include="README" />
    <None Include="TODO" />
  </ItemGroup>
</Project>