<?xml version="1.0" encoding="utf-8"?>
<Project ToolsVersion="4.0" xmlns="http://schemas.microsoft.com/developer/msbuild/2003">
  <ItemGroup>
    <Filter Include="Source Files">
      <UniqueIdentifier>{4dda5f74-cbe9-4599-8d94-e835ac46d839}</UniqueIdentifier>
      <Extensions>cpp;c;cxx;def;odl;idl;hpj;bat;asm</Extensions>
    </Filter>
    <Filter Include="Header Files">
      <UniqueIdentifier>{8654a2de-4d55-4c64-abf5-b39085b7d4b0}</UniqueIdentifier>
      <Extensions>h;hpp;hxx;hm;inl;inc</Extensions>
    </Filter>
  </ItemGroup>
  <ItemGroup>
    <ClCompile Include="src\XmlRpcClient.cpp">
      <Filter>Source Files</Filter>
    </ClCompile>
    <ClCompile Include="src\XmlRpcDispatch.cpp">
      <Filter>Source Files</Filter>
    </ClCompile>
    <ClCompile Include="src\XmlRpcServer.cpp">
      <Filter>Source Files</Filter>
    </ClCompile>
    <ClCompile Include="src\XmlRpcServerConnection.cpp">
      <Filter>Source Files</Filter>
    </ClCompile>
    <ClCompile Include="src\XmlRpcServerMethod.cpp">
      <Filter>Source Files</Filter>
    </ClCompile>
    <ClCompile Include="src\XmlRpcSocket.cpp">
      <Filter>Source Files</Filter>
    </ClCompile>
    <ClCompile Include="src\XmlRpcSource.cpp">
      <Filter>Source Files</Filter>
    </ClCompile>
    <ClCompile Include="src\XmlRpcUtil.cpp">
      <Filter>Source Files</Filter>
    </ClCompile>
    <ClCompile Include="src\XmlRpcValue.cpp">
      <Filter>Source Files</Filter>
    </ClCompile>
  </ItemGroup>
  <ItemGroup>
    <ClInclude Include="src\base64.h">
      <Filter>Header Files</Filter>
    </ClInclude>
    <ClInclude Include="src\XmlRpc.h">
      <Filter>Header Files</Filter>
    </ClInclude>
    <ClInclude Include="src\XmlRpcClient.h">
      <Filter>Header Files</Filter>
    </ClInclude>
    <ClInclude Include="src\XmlRpcDispatch.h">
      <Filter>Header Files</Filter>
    </ClInclude>
    <ClInclude Include="src\XmlRpcServer.h">
      <Filter>Header Files</Filter>
    </ClInclude>
    <ClInclude Include="src\XmlRpcServerConnection.h">
      <Filter>Header Files</Filter>
    </ClInclude>
    <ClInclude Include="src\XmlRpcServerMethod.h">
      <Filter>Header Files</Filter>
    </ClInclude>
    <ClInclude Include="src\XmlRpcSocket.h">
      <Filter>Header Files</Filter>
    </ClInclude>
    <ClInclude Include="src\XmlRpcSource.h">
      <Filter>Header Files</Filter>
    </ClInclude>
    <ClInclude Include="src\XmlRpcUtil.h">
      <Filter>Header Files</Filter>
    </ClInclude>
    <ClInclude Include="src\XmlRpcValue.h">
      <Filter>Header Files</Filter>
    </ClInclude>
  </ItemGroup>
  <ItemGroup>
    <None Include="COPYING" />
    <None Include="README.html" />
  </ItemGroup>
</Project>