<?xml version="1.0" encoding="UTF-8" standalone="yes" ?>
<CodeBlocks_project_file>
	<FileVersion major="1" minor="6" />
	<Project>
		<Option title="XMLRPCP2NClient" />
		<Option pch_mode="2" />
		<Option compiler="gcc" />
		<Build>
			<Target title="Debug Win32">
				<Option output="C:\ROOT\solipsis\trunk\Sources\Communication\P2N\P2NClient\xmlrpc++\Debug Win32\XMLRPCP2NClient" prefix_auto="1" extension_auto="1" />
				<Option object_output="C:\ROOT\solipsis\trunk\Sources\Communication\P2N\P2NClient\xmlrpc++\Debug Win32" />
				<Option type="3" />
				<Option compiler="gcc" />
				<Option createDefFile="1" />
				<Option createStaticLib="1" />
				<Compiler>
					<Add option="-DWIN32" />
					<Add option="-D_DEBUG" />
					<Add option="-D_WINDOWS" />
					<Add option="-D_USRDLL" />
					<Add option="-DXMLRPCP2NCLIENT_EXPORTS" />
					<Add option="-DP2NCLIENT_SELF_BUILD" />
					<Add option="-W" />
					<Add option="-g" />
					<Add option="-O0" />
					<Add directory="$(OGRE_HOME)\Dependencies\include" />
					<Add directory="$(OGRE_HOME)\OgreMain\include" />
					<Add directory="$(OGRE_HOME)\include" />
					<Add directory="..\..\..\..\..\Dependencies\pthreads\include" />
					<Add directory="..\..\..\..\..\Dependencies\tinyxml\include" />
					<Add directory="..\..\..\..\..\Dependencies\xmlrpc++\include" />
					<Add directory="..\..\P2NClient" />
					<Add directory="..\..\..\..\..\Dependencies\protocols\XmlDatas\include" />
				</Compiler>
				<ResourceCompiler>
					<Add directory="$(OGRE_HOME)\Dependencies\include" />
					<Add directory="$(OGRE_HOME)\OgreMain\include" />
					<Add directory="$(OGRE_HOME)\include" />
					<Add directory="..\..\..\..\..\Dependencies\pthreads\include" />
					<Add directory="..\..\..\..\..\Dependencies\tinyxml\include" />
					<Add directory="..\..\..\..\..\Dependencies\xmlrpc++\include" />
					<Add directory="..\..\P2NClient" />
					<Add directory="..\..\..\..\..\Dependencies\protocols\XmlDatas\include" />
				</ResourceCompiler>
				<Linker>
					<Add library="tinyxmld" />
					<Add library="pthreadVC_d" />
					<Add library="wsock32" />
					<Add library="XmlRpc_d" />
					<Add library="XmlDatas" />
					<Add directory="..\..\..\..\..\Dependencies\pthreads\lib" />
					<Add directory="..\..\..\..\..\Dependencies\tinyxml\lib" />
					<Add directory="..\..\..\..\..\Dependencies\xmlrpc++\lib" />
					<Add directory="..\..\..\..\..\Dependencies\protocols\XmlDatas\lib\Debug Win32DLL" />
				</Linker>
				<ExtraCommands>
					<Add after="if not exist ..\..\..\..\..\Dependencies\protocols\P2NClient\xmlrpc++ mkdir ..\..\..\..\..\Dependencies\protocols\P2NClient\xmlrpc++&#x0D;&#x0A;if not exist ..\..\..\..\..\Dependencies\protocols\P2NClient mkdir ..\..\..\..\..\Dependencies\protocols\P2NClient&#x0D;&#x0A;copy ..\IP2NClient.h ..\..\..\..\..\Dependencies\protocols\P2NClient&#x0D;&#x0A;if not exist ..\..\..\..\..\Dependencies\protocols\P2NClient\xmlrpc++\Debug Win32DLL mkdir ..\..\..\..\..\Dependencies\protocols\P2NClient\xmlrpc++\Debug Win32DLL&#x0D;&#x0A;copy C:\ROOT\solipsis\trunk\Sources\Communication\P2N\P2NClient\xmlrpc++\Debug Win32\ ..\..\..\..\..\Dependencies\protocols\P2NClient\xmlrpc++\Debug Win32DLL&#x0D;&#x0A;copy $(TargetDir)$(TargetName).lib ..\..\..\..\..\Dependencies\protocols\P2NClient\xmlrpc++\Debug Win32DLL&#x0D;&#x0A;" />
				</ExtraCommands>
			</Target>
			<Target title="Release Win32">
				<Option output="C:\ROOT\solipsis\trunk\Sources\Communication\P2N\P2NClient\xmlrpc++\Release Win32\XMLRPCP2NClient" prefix_auto="1" extension_auto="1" />
				<Option object_output="C:\ROOT\solipsis\trunk\Sources\Communication\P2N\P2NClient\xmlrpc++\Release Win32" />
				<Option type="3" />
				<Option compiler="gcc" />
				<Option createDefFile="1" />
				<Option createStaticLib="1" />
				<Compiler>
					<Add option="-DWIN32" />
					<Add option="-DNDEBUG" />
					<Add option="-D_WINDOWS" />
					<Add option="-D_USRDLL" />
					<Add option="-DXMLRPCP2NCLIENT_EXPORTS" />
					<Add option="-DP2NCLIENT_SELF_BUILD" />
					<Add option="-W" />
					<Add directory="$(OGRE_HOME)\Dependencies\include" />
					<Add directory="$(OGRE_HOME)\OgreMain\include" />
					<Add directory="$(OGRE_HOME)\include" />
					<Add directory="..\..\..\..\..\Dependencies\pthreads\include" />
					<Add directory="..\..\..\..\..\Dependencies\tinyxml\include" />
					<Add directory="..\..\..\..\..\Dependencies\xmlrpc++\include" />
					<Add directory="..\..\P2NClient" />
					<Add directory="..\..\..\..\..\Dependencies\protocols\XmlDatas\include" />
				</Compiler>
				<ResourceCompiler>
					<Add directory="$(OGRE_HOME)\Dependencies\include" />
					<Add directory="$(OGRE_HOME)\OgreMain\include" />
					<Add directory="$(OGRE_HOME)\include" />
					<Add directory="..\..\..\..\..\Dependencies\pthreads\include" />
					<Add directory="..\..\..\..\..\Dependencies\tinyxml\include" />
					<Add directory="..\..\..\..\..\Dependencies\xmlrpc++\include" />
					<Add directory="..\..\P2NClient" />
					<Add directory="..\..\..\..\..\Dependencies\protocols\XmlDatas\include" />
				</ResourceCompiler>
				<Linker>
					<Add library="tinyxml" />
					<Add library="pthreadVC" />
					<Add library="wsock32" />
					<Add library="XmlRpc" />
					<Add library="XmlDatas" />
					<Add directory="..\..\..\..\..\Dependencies\pthreads\lib" />
					<Add directory="..\..\..\..\..\Dependencies\tinyxml\lib" />
					<Add directory="..\..\..\..\..\Dependencies\xmlrpc++\lib" />
					<Add directory="..\..\..\..\..\Dependencies\protocols\XmlDatas\lib\Release Win32DLL" />
				</Linker>
				<ExtraCommands>
					<Add after="if not exist ..\..\..\..\..\Dependencies\protocols\P2NClient\xmlrpc++ mkdir ..\..\..\..\..\Dependencies\protocols\P2NClient\xmlrpc++&#x0D;&#x0A;if not exist ..\..\..\..\..\Dependencies\protocols\P2NClient mkdir ..\..\..\..\..\Dependencies\protocols\P2NClient&#x0D;&#x0A;copy ..\IP2NClient.h ..\..\..\..\..\Dependencies\protocols\P2NClient&#x0D;&#x0A;if not exist ..\..\..\..\..\Dependencies\protocols\P2NClient\xmlrpc++\Release Win32DLL mkdir ..\..\..\..\..\Dependencies\protocols\P2NClient\xmlrpc++\Release Win32DLL&#x0D;&#x0A;copy C:\ROOT\solipsis\trunk\Sources\Communication\P2N\P2NClient\xmlrpc++\Release Win32\ ..\..\..\..\..\Dependencies\protocols\P2NClient\xmlrpc++\Release Win32DLL&#x0D;&#x0A;copy $(TargetDir)$(TargetName).lib ..\..\..\..\..\Dependencies\protocols\P2NClient\xmlrpc++\Release Win32DLL&#x0D;&#x0A;" />
				</ExtraCommands>
			</Target>
		</Build>
		<Unit filename="XMLRPCP2NClient.cpp" />
		<Unit filename="..\IP2NClient.h" />
		<Unit filename="XMLRPCP2NClient.h" />
		<Extensions>
			<code_completion />
			<debugger />
		</Extensions>
	</Project>
</CodeBlocks_project_file>
