<?xml version="1.0" encoding="UTF-8" standalone="yes" ?>
<CodeBlocks_project_file>
	<FileVersion major="1" minor="6" />
	<Project>
		<Option title="Tools" />
		<Option pch_mode="2" />
		<Option compiler="gcc" />
		<Build>
			<Target title="Release Win32">
				<Option output="lib" prefix_auto="1" extension_auto="1" />
				<Option working_dir="" />
				<Option object_output="Release Win32" />
				<Option type="2" />
				<Option compiler="gcc" />
				<Option createDefFile="1" />
				<Compiler>
					<Add option="-W" />
					<Add option="-O2" />
					<Add directory=".\windows" />
				</Compiler>
				<ResourceCompiler>
					<Add directory=".\windows" />
				</ResourceCompiler>
			</Target>
		</Build>
		<Unit filename="ConfFile.cpp" />
		<Unit filename="IPNode.cpp" />
		<Unit filename="LogFile.cpp" />
		<Unit filename="SocketReactor.cpp" />
		<Unit filename="windows\TCPServerSocket.cpp" />
		<Unit filename="windows\TCPSocket.cpp" />
		<Unit filename="Thread.cpp" />
		<Unit filename="UDPSocket.cpp" />
		<Unit filename="BasicTypedefs.h" />
		<Unit filename="ConfFile.h" />
		<Unit filename="IPNode.h" />
		<Unit filename="LogFile.h" />
		<Unit filename="windows\OSDependentTools.h" />
		<Unit filename="P2PTools.h" />
		<Unit filename="Point3D.h" />
		<Unit filename="RaynetVersion.h" />
		<Unit filename="refptr.h" />
		<Unit filename="RingingTimer.h" />
		<Unit filename="SocketReactor.h" />
		<Unit filename="TCPServerSocket.h" />
		<Unit filename="TCPSocket.h" />
		<Unit filename="Thread.h" />
		<Unit filename="windows\ThreadImpl.h" />
		<Unit filename="UDPPacket.h" />
		<Unit filename="UDPSocket.h" />
		<Extensions>
			<code_completion />
			<debugger />
		</Extensions>
	</Project>
</CodeBlocks_project_file>
