<?xml version="1.0" encoding="UTF-8" standalone="yes" ?>
<CodeBlocks_project_file>
	<FileVersion major="1" minor="6" />
	<Project>
		<Option title="Plugin_skp" />
		<Option pch_mode="2" />
		<Option compiler="gcc" />
		<Build>
			<Target title="Debug Win32">
				<Option output="C:\ROOT\solipsis\trunk\Sources\Navigator\NavigatorPlugins\plugin_skp\Debug Win32\Plugin_skp_d" prefix_auto="1" extension_auto="1" />
				<Option object_output="Debug Win32" />
				<Option type="3" />
				<Option compiler="gcc" />
				<Option createDefFile="1" />
				<Option createStaticLib="1" />
				<Compiler>
					<Add option="-DWIN32" />
					<Add option="-D_DEBUG" />
					<Add option="-D_WINDOWS" />
					<Add option="-D_USRDLL" />
					<Add option="-DPLUGIN_SKP_EXPORTS" />
					<Add option="-W" />
					<Add option="-g" />
					<Add option="-O0" />
					<Add directory="$(OGRE_HOME)\OgreMain\include" />
					<Add directory="$(OGRE_HOME))\Samples\Common\Include" />
					<Add directory="$(OGRE_HOME)\include" />
					<Add directory="C:\ROOT\solipsis\trunk\Sources\Navigator\NavigatorPlugins\plugin_skp\lib\msvs2005" />
					<Add directory="..\..\..\..\Dependencies\CommonTools\include" />
				</Compiler>
				<ResourceCompiler>
					<Add directory="$(OGRE_HOME)\OgreMain\include" />
					<Add directory="$(OGRE_HOME))\Samples\Common\Include" />
					<Add directory="$(OGRE_HOME)\include" />
					<Add directory="C:\ROOT\solipsis\trunk\Sources\Navigator\NavigatorPlugins\plugin_skp\lib\msvs2005" />
					<Add directory="..\..\..\..\Dependencies\CommonTools\include" />
				</ResourceCompiler>
				<Linker>
					<Add library="OgreMain_d" />
					<Add library="CommonTools" />
					<Add directory="$(OGRE_HOME)\lib" />
					<Add directory="..\..\..\..\Dependencies\CommonTools\lib\Debug Win32" />
				</Linker>
				<ExtraCommands>
					<Add after="if not exist C:\ROOT\solipsis\trunk\Sources\Navigator\NavigatorPlugins\plugin_skp\..\..\..\..\Dependencies\plugin_skp\include mkdir C:\ROOT\solipsis\trunk\Sources\Navigator\NavigatorPlugins\plugin_skp\..\..\..\..\Dependencies\plugin_skp\include&#x0D;&#x0A;xcopy C:\ROOT\solipsis\trunk\Sources\Navigator\NavigatorPlugins\plugin_skp\src\*.h C:\ROOT\solipsis\trunk\Sources\Navigator\NavigatorPlugins\plugin_skp\..\..\..\..\Dependencies\plugin_skp\include\. /y&#x0D;&#x0A;if not exist C:\ROOT\solipsis\trunk\Sources\Navigator\NavigatorPlugins\plugin_skp\..\..\..\..\Dependencies\plugin_skp\lib\Debug Win32 mkdir C:\ROOT\solipsis\trunk\Sources\Navigator\NavigatorPlugins\plugin_skp\..\..\..\..\Dependencies\plugin_skp\lib\Debug Win32&#x0D;&#x0A;copy $(TargetDir)Plugin_skp_d.dll C:\ROOT\solipsis\trunk\Sources\Navigator\NavigatorPlugins\plugin_skp\..\..\..\..\Dependencies\plugin_skp\lib\Debug Win32\. /y&#x0D;&#x0A;copy $(TargetDir)$(TargetName).lib C:\ROOT\solipsis\trunk\Sources\Navigator\NavigatorPlugins\plugin_skp\..\..\..\..\Dependencies\plugin_skp\lib\Debug Win32\. /y&#x0D;&#x0A;copy C:\ROOT\solipsis\trunk\Sources\Navigator\NavigatorPlugins\plugin_skp\lib\msvs2005\*.* C:\ROOT\solipsis\trunk\Sources\Navigator\NavigatorPlugins\plugin_skp\..\..\..\..\Dependencies\plugin_skp\lib\Debug Win32\. /y&#x0D;&#x0A;" />
				</ExtraCommands>
			</Target>
			<Target title="Release Win32">
				<Option output="C:\ROOT\solipsis\trunk\Sources\Navigator\NavigatorPlugins\plugin_skp\Release Win32\Plugin_skp" prefix_auto="1" extension_auto="1" />
				<Option object_output="Release Win32" />
				<Option type="3" />
				<Option compiler="gcc" />
				<Option createDefFile="1" />
				<Option createStaticLib="1" />
				<Compiler>
					<Add option="-DWIN32" />
					<Add option="-DNDEBUG" />
					<Add option="-D_WINDOWS" />
					<Add option="-D_USRDLL" />
					<Add option="-DPLUGIN_SKP_EXPORTS" />
					<Add option="-W" />
					<Add option="-O2" />
					<Add directory="$(OGRE_HOME)\OgreMain\include" />
					<Add directory="$(OGRE_HOME))\Samples\Common\Include" />
					<Add directory="$(OGRE_HOME)\include" />
					<Add directory="C:\ROOT\solipsis\trunk\Sources\Navigator\NavigatorPlugins\plugin_skp\lib\msvs2005" />
					<Add directory="..\..\..\..\Dependencies\CommonTools\include" />
				</Compiler>
				<ResourceCompiler>
					<Add directory="$(OGRE_HOME)\OgreMain\include" />
					<Add directory="$(OGRE_HOME))\Samples\Common\Include" />
					<Add directory="$(OGRE_HOME)\include" />
					<Add directory="C:\ROOT\solipsis\trunk\Sources\Navigator\NavigatorPlugins\plugin_skp\lib\msvs2005" />
					<Add directory="..\..\..\..\Dependencies\CommonTools\include" />
				</ResourceCompiler>
				<Linker>
					<Add library="OgreMain" />
					<Add library="CommonTools" />
					<Add directory="$(OGRE_HOME)\lib" />
					<Add directory="..\..\..\..\Dependencies\CommonTools\lib\Release Win32" />
				</Linker>
				<ExtraCommands>
					<Add after="if not exist C:\ROOT\solipsis\trunk\Sources\Navigator\NavigatorPlugins\plugin_skp\..\..\..\..\Dependencies\plugin_skp\include mkdir C:\ROOT\solipsis\trunk\Sources\Navigator\NavigatorPlugins\plugin_skp\..\..\..\..\Dependencies\plugin_skp\include&#x0D;&#x0A;xcopy C:\ROOT\solipsis\trunk\Sources\Navigator\NavigatorPlugins\plugin_skp\src\*.h C:\ROOT\solipsis\trunk\Sources\Navigator\NavigatorPlugins\plugin_skp\..\..\..\..\Dependencies\plugin_skp\include\. /y&#x0D;&#x0A;if not exist C:\ROOT\solipsis\trunk\Sources\Navigator\NavigatorPlugins\plugin_skp\..\..\..\..\Dependencies\plugin_skp\lib\Release Win32 mkdir C:\ROOT\solipsis\trunk\Sources\Navigator\NavigatorPlugins\plugin_skp\..\..\..\..\Dependencies\plugin_skp\lib\Release Win32&#x0D;&#x0A;copy $(TargetDir)Plugin_skp.dll C:\ROOT\solipsis\trunk\Sources\Navigator\NavigatorPlugins\plugin_skp\..\..\..\..\Dependencies\plugin_skp\lib\Release Win32\. /y&#x0D;&#x0A;copy $(TargetDir)$(TargetName).lib C:\ROOT\solipsis\trunk\Sources\Navigator\NavigatorPlugins\plugin_skp\..\..\..\..\Dependencies\plugin_skp\lib\Release Win32\. /y&#x0D;&#x0A;copy C:\ROOT\solipsis\trunk\Sources\Navigator\NavigatorPlugins\plugin_skp\lib\msvs2005\*.* C:\ROOT\solipsis\trunk\Sources\Navigator\NavigatorPlugins\plugin_skp\..\..\..\..\Dependencies\plugin_skp\lib\Release Win32\. /y&#x0D;&#x0A;" />
				</ExtraCommands>
			</Target>
		</Build>
		<Unit filename="src\GeomUtilities.cpp" />
		<Unit filename="src\plugin_skp.cpp" />
		<Unit filename="src\plugin_skpDLL.cpp" />
		<Unit filename="src\GeomUtilities.h" />
		<Unit filename="src\plugin_skp.h" />
		<Unit filename="src\plugin_skpPrerequisites.h" />
		<Extensions>
			<code_completion />
			<debugger />
		</Extensions>
	</Project>
</CodeBlocks_project_file>
