<?xml version="1.0" encoding="UTF-8" standalone="yes" ?>
<CodeBlocks_project_file>
	<FileVersion major="1" minor="6" />
	<Project>
		<Option title="navigatorModule" />
		<Option pch_mode="2" />
		<Option compiler="gcc" />
		<Build>
			<Target title="Debug Win32">
				<Option output="C:\ROOT\solipsis\trunk\Sources\Navigator\NavigatorModule\Debug Win32\Navigator" prefix_auto="1" extension_auto="1" />
				<Option object_output="C:\ROOT\solipsis\trunk\Sources\Navigator\NavigatorModule\Debug Win32" />
				<Option type="3" />
				<Option compiler="gcc" />
				<Option createDefFile="1" />
				<Option createStaticLib="1" />
				<Compiler>
					<Add option="-DWIN32" />
					<Add option="-D_DEBUG" />
					<Add option="-D_WINDOWS" />
					<Add option="-D_USRDLL" />
					<Add option="-DNAVIGATORMODULE_EXPORTS" />
					<Add option="-DNAVIGATORMODULE_SELF_BUILD" />
					<Add option="-DUIDEBUG" />
					<Add option="-DDEMO_NAVI1" />
					<Add option="-DDEMO_NAVI2" />
					<Add option="-DDEMO_VNC" />
					<Add option="-DDEMO_VLC" />
					<Add option="-DDEMO_VOICE" />
					<Add option="-DDEMO_PHYSICS1" />
					<Add option="-DNSHADOWS" />
					<Add option="-DNLOGSNDRCV" />
					<Add option="-DDECLARATIVE_MODELER" />
					<Add option="-DTERRAIN_MODELER" />
					<Add option="-W" />
					<Add option="-g" />
					<Add option="-O0" />
					<Add directory="." />
					<Add directory="..\..\..\Dependencies\pthreads\include" />
					<Add directory="..\..\..\Dependencies\tinyxml\include" />
					<Add directory="$(OGRE_HOME)\Dependencies\include" />
					<Add directory="$(OGRE_HOME)\OgreMain\include" />
					<Add directory="$(OGRE_HOME)\include" />
					<Add directory="..\..\..\Dependencies\naviAwesomium\include" />
					<Add directory="..\..\..\Dependencies\lua\include" />
					<Add directory="..\..\..\Dependencies\CommonTools\include" />
					<Add directory="..\..\..\Dependencies\MdlrTools\include" />
					<Add directory="..\..\..\Dependencies\AvatarTools\include" />
					<Add directory=".\oSceneLoader\include" />
					<Add directory="..\..\..\Dependencies\protocols\XmlDatas\include" />
					<Add directory="..\..\..\Dependencies\protocols\P2NClient" />
					<Add directory="..\..\..\Dependencies\protocols\P2NServer" />
					<Add directory="$(FMOD_PATH)\inc" />
					<Add directory="..\..\..\Dependencies\plugin_3ds\include" />
					<Add directory="..\..\..\Dependencies\plugin_skp\include" />
					<Add directory="..\..\..\Dependencies\plugin_skp\lib\Debug" />
					<Add directory="..\..\..\Dependencies\authentFB\include" />
					<Add directory="..\..\..\Dependencies\VoiceEngine\include" />
					<Add directory="..\..\..\Dependencies\Phonetizer\include" />
					<Add directory="..\..\..\Dependencies\FaceController\include" />
					<Add directory="..\..\..\Dependencies\navigatorConfigDialog\include" />
					<Add directory="..\..\..\Dependencies\ogreMax\include" />
					<Add directory="..\..\..\Dependencies\md5wrapper\include" />
					<Add directory="..\..\..\Dependencies\DeclarativeModeler\include" />
					<Add directory="..\..\..\Dependencies\TerrainModeler\include" />
					<Add directory="..\..\..\Dependencies\postagger\include" />
					<Add directory="..\..\..\Dependencies\Triangle\include" />
				</Compiler>
				<ResourceCompiler>
					<Add directory="." />
					<Add directory="..\..\..\Dependencies\pthreads\include" />
					<Add directory="..\..\..\Dependencies\tinyxml\include" />
					<Add directory="$(OGRE_HOME)\Dependencies\include" />
					<Add directory="$(OGRE_HOME)\OgreMain\include" />
					<Add directory="$(OGRE_HOME)\include" />
					<Add directory="..\..\..\Dependencies\naviAwesomium\include" />
					<Add directory="..\..\..\Dependencies\lua\include" />
					<Add directory="..\..\..\Dependencies\CommonTools\include" />
					<Add directory="..\..\..\Dependencies\MdlrTools\include" />
					<Add directory="..\..\..\Dependencies\AvatarTools\include" />
					<Add directory=".\oSceneLoader\include" />
					<Add directory="..\..\..\Dependencies\protocols\XmlDatas\include" />
					<Add directory="..\..\..\Dependencies\protocols\P2NClient" />
					<Add directory="..\..\..\Dependencies\protocols\P2NServer" />
					<Add directory="$(FMOD_PATH)\inc" />
					<Add directory="..\..\..\Dependencies\plugin_3ds\include" />
					<Add directory="..\..\..\Dependencies\plugin_skp\include" />
					<Add directory="..\..\..\Dependencies\plugin_skp\lib\Debug" />
					<Add directory="..\..\..\Dependencies\authentFB\include" />
					<Add directory="..\..\..\Dependencies\VoiceEngine\include" />
					<Add directory="..\..\..\Dependencies\Phonetizer\include" />
					<Add directory="..\..\..\Dependencies\FaceController\include" />
					<Add directory="..\..\..\Dependencies\navigatorConfigDialog\include" />
					<Add directory="..\..\..\Dependencies\ogreMax\include" />
					<Add directory="..\..\..\Dependencies\md5wrapper\include" />
					<Add directory="..\..\..\Dependencies\DeclarativeModeler\include" />
					<Add directory="..\..\..\Dependencies\TerrainModeler\include" />
					<Add directory="..\..\..\Dependencies\postagger\include" />
					<Add directory="..\..\..\Dependencies\Triangle\include" />
				</ResourceCompiler>
				<Linker>
					<Add library="ws2_32" />
					<Add library="pthreadVC_d" />
					<Add library="tinyxmld" />
					<Add library="XmlDatas" />
					<Add library="XMLRPCP2NClient" />
					<Add library="OgreMain_d" />
					<Add library="OIS_d" />
					<Add library="Awesomium_d" />
					<Add library="Navi_d" />
					<Add library="lua_d" />
					<Add library="CommonTools" />
					<Add library="brep_d" />
					<Add library="csg_d" />
					<Add library="MdlrTools_d" />
					<Add library="zlibd" />
					<Add library="AvatarTools_d" />
					<Add library="fmodexL_vc" />
					<Add library="Plugin_3ds_d" />
					<Add library="Plugin_skp_d" />
					<Add library="authentFB" />
					<Add library="FaceController" />
					<Add library="navigatorConfigDialog" />
					<Add library="ogreMax_d" />
					<Add library="DeclarativeModeler" />
					<Add library="md5wrapper" />
					<Add library="libcurld" />
					<Add library="TerrainModeler" />
					<Add library="postagger" />
					<Add library="Antlr2.7.6" />
					<Add library="GecodeCpltSet" />
					<Add library="GecodeInt" />
					<Add library="GecodeKernel" />
					<Add library="GecodeMinimodel" />
					<Add library="GecodeSearch" />
					<Add library="GecodeSerialization" />
					<Add library="GecodeSet" />
					<Add library="GecodeSupport" />
					<Add library="triangle" />
					<Add directory="..\..\..\Dependencies\pthreads\lib" />
					<Add directory="..\..\..\Dependencies\tinyxml\lib" />
					<Add directory="$(OGRE_HOME)\lib" />
					<Add directory="$(OGRE_HOME)\Dependencies\lib\Debug" />
					<Add directory="..\..\..\Dependencies\naviAwesomium\lib" />
					<Add directory="..\..\..\Dependencies\lua\lib\debuglib" />
					<Add directory="..\..\..\Dependencies\CommonTools\lib\Debug" />
					<Add directory="..\..\..\Dependencies\MdlrTools\lib\Debug" />
					<Add directory="..\..\..\Dependencies\brep\lib" />
					<Add directory="..\..\..\Dependencies\csg\lib" />
					<Add directory="..\..\..\Dependencies\zlib123\lib" />
					<Add directory="..\..\..\Dependencies\protocols\XmlDatas\lib\DebugDLL" />
					<Add directory="..\..\..\Dependencies\protocols\P2NClient\xmlrpc++\DebugDLL" />
					<Add directory="..\..\..\Dependencies\protocols\P2NClient\ulxmlrpcpp\DebugDLL" />
					<Add directory="..\..\..\Dependencies\AvatarTools\lib" />
					<Add directory="$(FMOD_PATH)\lib" />
					<Add directory="..\..\..\Dependencies\plugin_3ds\lib" />
					<Add directory="..\..\..\Dependencies\plugin_skp\lib\Debug" />
					<Add directory="..\..\..\Dependencies\authentFB\lib\Debug" />
					<Add directory="..\..\..\Dependencies\FaceController\lib\Debug" />
					<Add directory="..\..\..\Dependencies\navigatorConfigDialog\lib\WIN32\Debug" />
					<Add directory="..\..\..\Dependencies\ogreMax\lib" />
					<Add directory="..\..\..\Dependencies\DeclarativeModeler\lib\Debug Win32" />
					<Add directory="..\..\..\Dependencies\gecode-2.2.0\lib" />
					<Add directory="..\..\..\Dependencies\Antlr2.7.6\lib\Debug Win32" />
					<Add directory="..\..\..\Dependencies\postagger\lib\Debug Win32" />
					<Add directory="..\..\..\Dependencies\curl\lib\DebugDLL" />
					<Add directory="..\..\..\Dependencies\md5wrapper\lib\Debug" />
					<Add directory="..\..\..\Dependencies\TerrainModeler\lib\Debug" />
					<Add directory="..\..\..\Dependencies\Triangle\lib\Debug" />
				</Linker>
				<ExtraCommands>
					<Add after="postBuildDebug.bat vc8" />
				</ExtraCommands>
			</Target>
			<Target title="Release Win32">
				<Option output="C:\ROOT\solipsis\trunk\Sources\Navigator\NavigatorModule\Release Win32\Navigator" prefix_auto="1" extension_auto="1" />
				<Option object_output="C:\ROOT\solipsis\trunk\Sources\Navigator\NavigatorModule\Release Win32" />
				<Option type="3" />
				<Option compiler="gcc" />
				<Option createDefFile="1" />
				<Option createStaticLib="1" />
				<Compiler>
					<Add option="-DWIN32" />
					<Add option="-DNDEBUG" />
					<Add option="-D_WINDOWS" />
					<Add option="-D_USRDLL" />
					<Add option="-DNAVIGATORMODULE_EXPORTS" />
					<Add option="-DNAVIGATORMODULE_SELF_BUILD" />
					<Add option="-DUIDEBUG" />
					<Add option="-DDEMO_NAVI1" />
					<Add option="-DDEMO_NAVI2" />
					<Add option="-DDEMO_VNC" />
					<Add option="-DDEMO_VLC" />
					<Add option="-DDEMO_VOICE" />
					<Add option="-DDEMO_PHYSICS1" />
					<Add option="-DNSHADOWS" />
					<Add option="-DNLOGSNDRCV" />
					<Add option="-DDECLARATIVE_MODELER" />
					<Add option="-DTERRAIN_MODELER" />
					<Add option="-W" />
					<Add directory="." />
					<Add directory="..\..\..\Dependencies\pthreads\include" />
					<Add directory="..\..\..\Dependencies\tinyxml\include" />
					<Add directory="$(OGRE_HOME)\Dependencies\include" />
					<Add directory="$(OGRE_HOME)\OgreMain\include" />
					<Add directory="$(OGRE_HOME)\include" />
					<Add directory="..\..\..\Dependencies\naviAwesomium\include" />
					<Add directory="..\..\..\Dependencies\lua\include" />
					<Add directory="..\..\..\Dependencies\CommonTools\include" />
					<Add directory="..\..\..\Dependencies\MdlrTools\include" />
					<Add directory="..\..\..\Dependencies\AvatarTools\include" />
					<Add directory=".\oSceneLoader\include" />
					<Add directory="..\..\..\Dependencies\protocols\XmlDatas\include" />
					<Add directory="..\..\..\Dependencies\protocols\P2NClient" />
					<Add directory="..\..\..\Dependencies\protocols\P2NServer" />
					<Add directory="$(FMOD_PATH)\inc" />
					<Add directory="..\..\..\Dependencies\plugin_3ds\include" />
					<Add directory="..\..\..\Dependencies\plugin_skp\include" />
					<Add directory="..\..\..\Dependencies\plugin_skp\lib\Release" />
					<Add directory="..\..\..\Dependencies\authentFB\include" />
					<Add directory="..\..\..\Dependencies\VoiceEngine\include" />
					<Add directory="..\..\..\Dependencies\Phonetizer\include" />
					<Add directory="..\..\..\Dependencies\FaceController\include" />
					<Add directory="..\..\..\Dependencies\navigatorConfigDialog\include" />
					<Add directory="..\..\..\Dependencies\ogreMax\include" />
					<Add directory="..\..\..\Dependencies\md5wrapper\include" />
					<Add directory="..\..\..\Dependencies\DeclarativeModeler\include" />
					<Add directory="..\..\..\Dependencies\TerrainModeler\include" />
					<Add directory="..\..\..\Dependencies\postagger\include" />
					<Add directory="..\..\..\Dependencies\Triangle\include" />
				</Compiler>
				<ResourceCompiler>
					<Add directory="." />
					<Add directory="..\..\..\Dependencies\pthreads\include" />
					<Add directory="..\..\..\Dependencies\tinyxml\include" />
					<Add directory="$(OGRE_HOME)\Dependencies\include" />
					<Add directory="$(OGRE_HOME)\OgreMain\include" />
					<Add directory="$(OGRE_HOME)\include" />
					<Add directory="..\..\..\Dependencies\naviAwesomium\include" />
					<Add directory="..\..\..\Dependencies\lua\include" />
					<Add directory="..\..\..\Dependencies\CommonTools\include" />
					<Add directory="..\..\..\Dependencies\MdlrTools\include" />
					<Add directory="..\..\..\Dependencies\AvatarTools\include" />
					<Add directory=".\oSceneLoader\include" />
					<Add directory="..\..\..\Dependencies\protocols\XmlDatas\include" />
					<Add directory="..\..\..\Dependencies\protocols\P2NClient" />
					<Add directory="..\..\..\Dependencies\protocols\P2NServer" />
					<Add directory="$(FMOD_PATH)\inc" />
					<Add directory="..\..\..\Dependencies\plugin_3ds\include" />
					<Add directory="..\..\..\Dependencies\plugin_skp\include" />
					<Add directory="..\..\..\Dependencies\plugin_skp\lib\Release" />
					<Add directory="..\..\..\Dependencies\authentFB\include" />
					<Add directory="..\..\..\Dependencies\VoiceEngine\include" />
					<Add directory="..\..\..\Dependencies\Phonetizer\include" />
					<Add directory="..\..\..\Dependencies\FaceController\include" />
					<Add directory="..\..\..\Dependencies\navigatorConfigDialog\include" />
					<Add directory="..\..\..\Dependencies\ogreMax\include" />
					<Add directory="..\..\..\Dependencies\md5wrapper\include" />
					<Add directory="..\..\..\Dependencies\DeclarativeModeler\include" />
					<Add directory="..\..\..\Dependencies\TerrainModeler\include" />
					<Add directory="..\..\..\Dependencies\postagger\include" />
					<Add directory="..\..\..\Dependencies\Triangle\include" />
				</ResourceCompiler>
				<Linker>
					<Add library="ws2_32" />
					<Add library="pthreadVC" />
					<Add library="tinyxml" />
					<Add library="XmlDatas" />
					<Add library="XMLRPCP2NClient" />
					<Add library="OgreMain" />
					<Add library="OIS" />
					<Add library="Awesomium" />
					<Add library="Navi" />
					<Add library="lua" />
					<Add library="CommonTools" />
					<Add library="brep" />
					<Add library="csg" />
					<Add library="MdlrTools" />
					<Add library="zlib" />
					<Add library="AvatarTools" />
					<Add library="fmodex_vc" />
					<Add library="Plugin_3ds" />
					<Add library="Plugin_skp" />
					<Add library="authentFB" />
					<Add library="FaceController" />
					<Add library="navigatorConfigDialog" />
					<Add library="ogreMax" />
					<Add library="DeclarativeModeler" />
					<Add library="md5wrapper" />
					<Add library="libcurl" />
					<Add library="postagger" />
					<Add library="TerrainModeler" />
					<Add library="Antlr2.7.6" />
					<Add library="GecodeSupport" />
					<Add library="GecodeSet" />
					<Add library="GecodeSerialization" />
					<Add library="GecodeSearch" />
					<Add library="GecodeMinimodel" />
					<Add library="GecodeKernel" />
					<Add library="GecodeInt" />
					<Add library="GecodeCpltSet" />
					<Add library="triangle" />
					<Add directory="..\..\..\Dependencies\pthreads\lib" />
					<Add directory="..\..\..\Dependencies\tinyxml\lib" />
					<Add directory="$(OGRE_HOME)\lib" />
					<Add directory="$(OGRE_HOME)\Dependencies\lib\Release" />
					<Add directory="..\..\..\Dependencies\naviAwesomium\lib" />
					<Add directory="..\..\..\Dependencies\lua\lib\releaselib" />
					<Add directory="..\..\..\Dependencies\CommonTools\lib\Release" />
					<Add directory="..\..\..\Dependencies\MdlrTools\lib\Release" />
					<Add directory="..\..\..\Dependencies\brep\lib" />
					<Add directory="..\..\..\Dependencies\csg\lib" />
					<Add directory="..\..\..\Dependencies\zlib123\lib" />
					<Add directory="..\..\..\Dependencies\protocols\XmlDatas\lib\ReleaseDLL" />
					<Add directory="..\..\..\Dependencies\protocols\P2NClient\xmlrpc++\ReleaseDLL" />
					<Add directory="..\..\..\Dependencies\protocols\P2NClient\ulxmlrpcpp\ReleaseDLL" />
					<Add directory="..\..\..\Dependencies\AvatarTools\lib" />
					<Add directory="$(FMOD_PATH)\lib" />
					<Add directory="..\..\..\Dependencies\plugin_3ds\lib" />
					<Add directory="..\..\..\Dependencies\plugin_skp\lib\Release" />
					<Add directory="..\..\..\Dependencies\authentFB\lib\Release" />
					<Add directory="..\..\..\Dependencies\FaceController\lib\Release" />
					<Add directory="..\..\..\Dependencies\navigatorConfigDialog\lib\WIN32\Release" />
					<Add directory="..\..\..\Dependencies\ogreMax\lib" />
					<Add directory="..\..\..\Dependencies\DeclarativeModeler\lib\Release Win32" />
					<Add directory="..\..\..\Dependencies\TerrainModeler\lib\Release Win32" />
					<Add directory="..\..\..\Dependencies\Antlr2.7.6\lib\Release Win32" />
					<Add directory="..\..\..\Dependencies\postagger\lib\Release Win32" />
					<Add directory="..\..\..\Dependencies\gecode-2.2.0\lib" />
					<Add directory="..\..\..\Dependencies\curl\lib\ReleaseDLL" />
					<Add directory="..\..\..\Dependencies\md5wrapper\lib\Release" />
					<Add directory="..\..\..\Dependencies\Triangle\lib\Release" />
				</Linker>
				<ExtraCommands>
					<Add after="postBuildRelease.bat vc8" />
				</ExtraCommands>
			</Target>
			<Target title="DebugNCS Win32">
				<Option output="C:\ROOT\solipsis\trunk\Sources\Navigator\NavigatorModule\DebugNCS Win32\Navigator" prefix_auto="1" extension_auto="1" />
				<Option object_output="C:\ROOT\solipsis\trunk\Sources\Navigator\NavigatorModule\DebugNCS Win32" />
				<Option type="3" />
				<Option compiler="gcc" />
				<Option createDefFile="1" />
				<Option createStaticLib="1" />
				<Compiler>
					<Add option="-DWIN32" />
					<Add option="-D_DEBUG" />
					<Add option="-D_WINDOWS" />
					<Add option="-D_USRDLL" />
					<Add option="-DNAVIGATORMODULE_EXPORTS" />
					<Add option="-DNAVIGATORMODULE_SELF_BUILD" />
					<Add option="-DNULLCLIENTSERVER" />
					<Add option="-DUIDEBUG" />
					<Add option="-DDEMO_NAVI1" />
					<Add option="-DDEMO_NAVI2" />
					<Add option="-DDEMO_VNC" />
					<Add option="-DDEMO_VLC" />
					<Add option="-DDEMO_VOICE" />
					<Add option="-DDEMO_PHYSICS1" />
					<Add option="-DNSHADOWS" />
					<Add option="-DNLOGSNDRCV" />
					<Add option="-DDECLARATIVE_MODELER" />
					<Add option="-DTERRAIN_MODELER" />
					<Add option="-W" />
					<Add option="-g" />
					<Add option="-O0" />
					<Add directory="." />
					<Add directory="..\..\..\Dependencies\pthreads\include" />
					<Add directory="..\..\..\Dependencies\tinyxml\include" />
					<Add directory="$(OGRE_HOME)\Dependencies\include" />
					<Add directory="$(OGRE_HOME)\OgreMain\include" />
					<Add directory="$(OGRE_HOME)\include" />
					<Add directory="..\..\..\Dependencies\naviAwesomium\include" />
					<Add directory="..\..\..\Dependencies\lua\include" />
					<Add directory="..\..\..\Dependencies\CommonTools\include" />
					<Add directory="..\..\..\Dependencies\MdlrTools\include" />
					<Add directory="..\..\..\Dependencies\AvatarTools\include" />
					<Add directory=".\oSceneLoader\include" />
					<Add directory="..\..\..\Dependencies\protocols\XmlDatas\include" />
					<Add directory="..\..\..\Dependencies\protocols\P2NClient" />
					<Add directory="..\..\..\Dependencies\protocols\P2NServer" />
					<Add directory="$(FMOD_PATH)\inc" />
					<Add directory="..\..\..\Dependencies\plugin_3ds\include" />
					<Add directory="..\..\..\Dependencies\plugin_skp\include" />
					<Add directory="..\..\..\Dependencies\plugin_skp\lib\Debug" />
					<Add directory="..\..\..\Dependencies\authentFB\include" />
					<Add directory="..\..\..\Dependencies\VoiceEngine\include" />
					<Add directory="..\..\..\Dependencies\Phonetizer\include" />
					<Add directory="..\..\..\Dependencies\FaceController\include" />
					<Add directory="..\..\..\Dependencies\navigatorConfigDialog\include" />
					<Add directory="..\..\..\Dependencies\ogreMax\include" />
					<Add directory="..\..\..\Dependencies\md5wrapper\include" />
					<Add directory="..\..\..\Dependencies\DeclarativeModeler\include" />
					<Add directory="..\..\..\Dependencies\postagger\include" />
					<Add directory="..\..\..\Dependencies\TerrainModeler\include" />
					<Add directory="..\..\..\Dependencies\Triangle\include" />
				</Compiler>
				<ResourceCompiler>
					<Add directory="." />
					<Add directory="..\..\..\Dependencies\pthreads\include" />
					<Add directory="..\..\..\Dependencies\tinyxml\include" />
					<Add directory="$(OGRE_HOME)\Dependencies\include" />
					<Add directory="$(OGRE_HOME)\OgreMain\include" />
					<Add directory="$(OGRE_HOME)\include" />
					<Add directory="..\..\..\Dependencies\naviAwesomium\include" />
					<Add directory="..\..\..\Dependencies\lua\include" />
					<Add directory="..\..\..\Dependencies\CommonTools\include" />
					<Add directory="..\..\..\Dependencies\MdlrTools\include" />
					<Add directory="..\..\..\Dependencies\AvatarTools\include" />
					<Add directory=".\oSceneLoader\include" />
					<Add directory="..\..\..\Dependencies\protocols\XmlDatas\include" />
					<Add directory="..\..\..\Dependencies\protocols\P2NClient" />
					<Add directory="..\..\..\Dependencies\protocols\P2NServer" />
					<Add directory="$(FMOD_PATH)\inc" />
					<Add directory="..\..\..\Dependencies\plugin_3ds\include" />
					<Add directory="..\..\..\Dependencies\plugin_skp\include" />
					<Add directory="..\..\..\Dependencies\plugin_skp\lib\Debug" />
					<Add directory="..\..\..\Dependencies\authentFB\include" />
					<Add directory="..\..\..\Dependencies\VoiceEngine\include" />
					<Add directory="..\..\..\Dependencies\Phonetizer\include" />
					<Add directory="..\..\..\Dependencies\FaceController\include" />
					<Add directory="..\..\..\Dependencies\navigatorConfigDialog\include" />
					<Add directory="..\..\..\Dependencies\ogreMax\include" />
					<Add directory="..\..\..\Dependencies\md5wrapper\include" />
					<Add directory="..\..\..\Dependencies\DeclarativeModeler\include" />
					<Add directory="..\..\..\Dependencies\postagger\include" />
					<Add directory="..\..\..\Dependencies\TerrainModeler\include" />
					<Add directory="..\..\..\Dependencies\Triangle\include" />
				</ResourceCompiler>
				<Linker>
					<Add library="ws2_32" />
					<Add library="pthreadVC_d" />
					<Add library="tinyxmld" />
					<Add library="XmlDatas" />
					<Add library="P2NNullClientServer" />
					<Add library="OgreMain_d" />
					<Add library="OIS_d" />
					<Add library="Awesomium_d" />
					<Add library="Navi_d" />
					<Add library="lua_d" />
					<Add library="CommonTools" />
					<Add library="brep_d" />
					<Add library="csg_d" />
					<Add library="MdlrTools_d" />
					<Add library="zlibd" />
					<Add library="AvatarTools_d" />
					<Add library="fmodexL_vc" />
					<Add library="Plugin_3ds_d" />
					<Add library="Plugin_skp_d" />
					<Add library="authentFB" />
					<Add library="FaceController" />
					<Add library="navigatorConfigDialog" />
					<Add library="ogreMax_d" />
					<Add library="md5wrapper" />
					<Add library="libcurld" />
					<Add library="DeclarativeModeler" />
					<Add library="TerrainModeler" />
					<Add library="postagger" />
					<Add library="Antlr2.7.6" />
					<Add library="GecodeCpltSet" />
					<Add library="GecodeInt" />
					<Add library="GecodeKernel" />
					<Add library="GecodeMinimodel" />
					<Add library="GecodeSearch" />
					<Add library="GecodeSerialization" />
					<Add library="GecodeSet" />
					<Add library="GecodeSupport" />
					<Add library="triangle" />
					<Add directory="..\..\..\Dependencies\pthreads\lib" />
					<Add directory="..\..\..\Dependencies\tinyxml\lib" />
					<Add directory="$(OGRE_HOME)\lib" />
					<Add directory="$(OGRE_HOME)\Dependencies\lib\Debug" />
					<Add directory="..\..\..\Dependencies\naviAwesomium\lib" />
					<Add directory="..\..\..\Dependencies\lua\lib\debuglib" />
					<Add directory="..\..\..\Dependencies\CommonTools\lib\Debug" />
					<Add directory="..\..\..\Dependencies\MdlrTools\lib\Debug" />
					<Add directory="..\..\..\Dependencies\brep\lib" />
					<Add directory="..\..\..\Dependencies\csg\lib" />
					<Add directory="..\..\..\Dependencies\zlib123\lib" />
					<Add directory="..\..\..\Dependencies\protocols\XmlDatas\lib\DebugDLL" />
					<Add directory="..\..\..\Dependencies\protocols\P2NNullClientServer\DebugDLL" />
					<Add directory="..\..\..\Dependencies\AvatarTools\lib" />
					<Add directory="$(FMOD_PATH)\lib" />
					<Add directory="..\..\..\Dependencies\plugin_3ds\lib" />
					<Add directory="..\..\..\Dependencies\plugin_skp\lib\Debug" />
					<Add directory="..\..\..\Dependencies\authentFB\lib\Debug" />
					<Add directory="..\..\..\Dependencies\navigatorConfigDialog\lib\WIN32\Debug" />
					<Add directory="..\..\..\Dependencies\FaceController\lib\Debug" />
					<Add directory="..\..\..\Dependencies\ogreMax\lib" />
					<Add directory="..\..\..\Dependencies\curl\lib\DebugDLL" />
					<Add directory="..\..\..\Dependencies\md5wrapper\lib\Debug" />
					<Add directory="..\..\..\Dependencies\Antlr2.7.6\lib\Debug" />
					<Add directory="..\..\..\Dependencies\Gecode-2.2.0\lib" />
					<Add directory="..\..\..\Dependencies\postagger\lib\Debug" />
					<Add directory="..\..\..\Dependencies\DeclarativeModeler\lib\Debug" />
					<Add directory="..\..\..\Dependencies\TerrainModeler\lib\Debug" />
					<Add directory="..\..\..\Dependencies\Triangle\lib\Debug" />
				</Linker>
				<ExtraCommands>
					<Add after="postBuildDebugNCS.bat vc8" />
				</ExtraCommands>
			</Target>
			<Target title="ReleaseNCS Win32">
				<Option output="C:\ROOT\solipsis\trunk\Sources\Navigator\NavigatorModule\ReleaseNCS Win32\Navigator" prefix_auto="1" extension_auto="1" />
				<Option object_output="C:\ROOT\solipsis\trunk\Sources\Navigator\NavigatorModule\ReleaseNCS Win32" />
				<Option type="3" />
				<Option compiler="gcc" />
				<Option createDefFile="1" />
				<Option createStaticLib="1" />
				<Compiler>
					<Add option="-DWIN32" />
					<Add option="-DNDEBUG" />
					<Add option="-D_WINDOWS" />
					<Add option="-D_USRDLL" />
					<Add option="-DNAVIGATORMODULE_EXPORTS" />
					<Add option="-DNAVIGATORMODULE_SELF_BUILD" />
					<Add option="-DNULLCLIENTSERVER" />
					<Add option="-DUIDEBUG" />
					<Add option="-DDEMO_NAVI1" />
					<Add option="-DDEMO_NAVI2" />
					<Add option="-DDEMO_VNC" />
					<Add option="-DDEMO_VLC" />
					<Add option="-DDEMO_VOICE" />
					<Add option="-DDEMO_PHYSICS1" />
					<Add option="-DNSHADOWS" />
					<Add option="-DNLOGSNDRCV" />
					<Add option="-DDECLARATIVE_MODELER" />
					<Add option="-DTERRAIN_MODELER" />
					<Add option="-W" />
					<Add directory="." />
					<Add directory="..\..\..\Dependencies\pthreads\include" />
					<Add directory="..\..\..\Dependencies\tinyxml\include" />
					<Add directory="$(OGRE_HOME)\Dependencies\include" />
					<Add directory="$(OGRE_HOME)\OgreMain\include" />
					<Add directory="$(OGRE_HOME)\include" />
					<Add directory="..\..\..\Dependencies\naviAwesomium\include" />
					<Add directory="..\..\..\Dependencies\lua\include" />
					<Add directory="..\..\..\Dependencies\CommonTools\include" />
					<Add directory="..\..\..\Dependencies\MdlrTools\include" />
					<Add directory="..\..\..\Dependencies\AvatarTools\include" />
					<Add directory=".\oSceneLoader\include" />
					<Add directory="..\..\..\Dependencies\protocols\XmlDatas\include" />
					<Add directory="..\..\..\Dependencies\protocols\P2NClient" />
					<Add directory="..\..\..\Dependencies\protocols\P2NServer" />
					<Add directory="$(FMOD_PATH)\inc" />
					<Add directory="..\..\..\Dependencies\plugin_3ds\include" />
					<Add directory="..\..\..\Dependencies\plugin_skp\include" />
					<Add directory="..\..\..\Dependencies\plugin_skp\lib\Release" />
					<Add directory="..\..\..\Dependencies\authentFB\include" />
					<Add directory="..\..\..\Dependencies\VoiceEngine\include" />
					<Add directory="..\..\..\Dependencies\Phonetizer\include" />
					<Add directory="..\..\..\Dependencies\FaceController\include" />
					<Add directory="..\..\..\Dependencies\navigatorConfigDialog\include" />
					<Add directory="..\..\..\Dependencies\ogreMax\include" />
					<Add directory="..\..\..\Dependencies\md5wrapper\include" />
					<Add directory="..\..\..\Dependencies\DeclarativeModeler\include" />
					<Add directory="..\..\..\Dependencies\TerrainModeler\include" />
					<Add directory="..\..\..\Dependencies\postagger\include" />
					<Add directory="..\..\..\Dependencies\Triangle\include" />
				</Compiler>
				<ResourceCompiler>
					<Add directory="." />
					<Add directory="..\..\..\Dependencies\pthreads\include" />
					<Add directory="..\..\..\Dependencies\tinyxml\include" />
					<Add directory="$(OGRE_HOME)\Dependencies\include" />
					<Add directory="$(OGRE_HOME)\OgreMain\include" />
					<Add directory="$(OGRE_HOME)\include" />
					<Add directory="..\..\..\Dependencies\naviAwesomium\include" />
					<Add directory="..\..\..\Dependencies\lua\include" />
					<Add directory="..\..\..\Dependencies\CommonTools\include" />
					<Add directory="..\..\..\Dependencies\MdlrTools\include" />
					<Add directory="..\..\..\Dependencies\AvatarTools\include" />
					<Add directory=".\oSceneLoader\include" />
					<Add directory="..\..\..\Dependencies\protocols\XmlDatas\include" />
					<Add directory="..\..\..\Dependencies\protocols\P2NClient" />
					<Add directory="..\..\..\Dependencies\protocols\P2NServer" />
					<Add directory="$(FMOD_PATH)\inc" />
					<Add directory="..\..\..\Dependencies\plugin_3ds\include" />
					<Add directory="..\..\..\Dependencies\plugin_skp\include" />
					<Add directory="..\..\..\Dependencies\plugin_skp\lib\Release" />
					<Add directory="..\..\..\Dependencies\authentFB\include" />
					<Add directory="..\..\..\Dependencies\VoiceEngine\include" />
					<Add directory="..\..\..\Dependencies\Phonetizer\include" />
					<Add directory="..\..\..\Dependencies\FaceController\include" />
					<Add directory="..\..\..\Dependencies\navigatorConfigDialog\include" />
					<Add directory="..\..\..\Dependencies\ogreMax\include" />
					<Add directory="..\..\..\Dependencies\md5wrapper\include" />
					<Add directory="..\..\..\Dependencies\DeclarativeModeler\include" />
					<Add directory="..\..\..\Dependencies\TerrainModeler\include" />
					<Add directory="..\..\..\Dependencies\postagger\include" />
					<Add directory="..\..\..\Dependencies\Triangle\include" />
				</ResourceCompiler>
				<Linker>
					<Add library="ws2_32" />
					<Add library="pthreadVC" />
					<Add library="tinyxml" />
					<Add library="XmlDatas" />
					<Add library="P2NNullClientServer" />
					<Add library="OgreMain" />
					<Add library="OIS" />
					<Add library="Awesomium" />
					<Add library="Navi" />
					<Add library="lua" />
					<Add library="CommonTools" />
					<Add library="brep" />
					<Add library="csg" />
					<Add library="MdlrTools" />
					<Add library="zlib" />
					<Add library="AvatarTools" />
					<Add library="fmodex_vc" />
					<Add library="Plugin_3ds" />
					<Add library="Plugin_skp" />
					<Add library="authentFB" />
					<Add library="FaceController" />
					<Add library="navigatorConfigDialog" />
					<Add library="ogreMax" />
					<Add library="md5wrapper" />
					<Add library="libcurl" />
					<Add library="DeclarativeModeler" />
					<Add library="TerrainModeler" />
					<Add library="postagger" />
					<Add library="Antlr2.7.6" />
					<Add library="GecodeCpltSet" />
					<Add library="GecodeInt" />
					<Add library="GecodeKernel" />
					<Add library="GecodeMinimodel" />
					<Add library="GecodeSearch" />
					<Add library="GecodeSerialization" />
					<Add library="GecodeSet" />
					<Add library="GecodeSupport" />
					<Add library="triangle" />
					<Add directory="..\..\..\Dependencies\pthreads\lib" />
					<Add directory="..\..\..\Dependencies\tinyxml\lib" />
					<Add directory="$(OGRE_HOME)\lib" />
					<Add directory="$(OGRE_HOME)\Dependencies\lib\Release" />
					<Add directory="..\..\..\Dependencies\naviAwesomium\lib" />
					<Add directory="..\..\..\Dependencies\lua\lib\releaselib" />
					<Add directory="..\..\..\Dependencies\CommonTools\lib\Release" />
					<Add directory="..\..\..\Dependencies\MdlrTools\lib\Release" />
					<Add directory="..\..\..\Dependencies\brep\lib" />
					<Add directory="..\..\..\Dependencies\csg\lib" />
					<Add directory="..\..\..\Dependencies\zlib123\lib" />
					<Add directory="..\..\..\Dependencies\protocols\XmlDatas\lib\ReleaseDLL" />
					<Add directory="..\..\..\Dependencies\protocols\P2NNullClientServer\ReleaseDLL" />
					<Add directory="..\..\..\Dependencies\AvatarTools\lib" />
					<Add directory="$(FMOD_PATH)\lib" />
					<Add directory="..\..\..\Dependencies\plugin_3ds\lib" />
					<Add directory="..\..\..\Dependencies\plugin_skp\lib\Release" />
					<Add directory="..\..\..\Dependencies\authentFB\lib\Release" />
					<Add directory="..\..\..\Dependencies\FaceController\lib\Release" />
					<Add directory="..\..\..\Dependencies\navigatorConfigDialog\lib\WIN32\Release" />
					<Add directory="..\..\..\Dependencies\ogreMax\lib" />
					<Add directory="..\..\..\Dependencies\curl\lib\ReleaseDLL" />
					<Add directory="..\..\..\Dependencies\md5wrapper\lib\Release" />
					<Add directory="..\..\..\Dependencies\DeclarativeModeler\lib\Release" />
					<Add directory="..\..\..\Dependencies\TerrainModeler\lib\Release" />
					<Add directory="..\..\..\Dependencies\postagger\lib\Release" />
					<Add directory="..\..\..\Dependencies\Antlr2.7.6\lib\Release" />
					<Add directory="..\..\..\Dependencies\Gecode-2.2.0\lib" />
					<Add directory="..\..\..\Dependencies\Triangle\lib\Release" />
				</Linker>
				<ExtraCommands>
					<Add after="postBuildReleaseNCS.bat vc8" />
				</ExtraCommands>
			</Target>
		</Build>
		<Unit filename="NavigatorModule.h" />
		<Unit filename="Prerequisites.cpp" />
		<Unit filename="Prerequisites.h" />
		<Unit filename="oSceneLoader\include\IOSMSceneCallbacks.h" />
		<Unit filename="oSceneLoader\src\OgreOSMScene.cpp" />
		<Unit filename="oSceneLoader\include\OgreOSMScene.h" />
		<Unit filename="oSceneLoader\include\OSMAnimSerializer.h" />
		<Unit filename="..\..\..\Media\lua\boot.lua" />
		<Unit filename="..\changelog.txt" />
		<Unit filename="..\..\..\Media\lua\defaultGUI.lua" />
		<Unit filename="..\devrules.txt" />
		<Unit filename="..\done.txt" />
		<Unit filename="..\readme.txt" />
		<Unit filename="..\readmeUser.txt" />
		<Unit filename="..\..\..\Media\materials\scripts\Solipsis.material" />
		<Unit filename="..\..\..\Media\overlays\Solipsis.overlay" />
		<Unit filename="..\..\..\Media\SolipsisFakeTerrain.cfg" />
		<Unit filename="..\todo.txt" />
		<Unit filename="..\..\..\Media\NaviLocal\uiauthentfb.html" />
		<Unit filename="..\..\..\Media\NaviLocal\uiavatarmain.html" />
		<Unit filename="..\..\..\Media\NaviLocal\uiavatarprop.html" />
		<Unit filename="..\..\..\Media\NaviLocal\uichat.html" />
		<Unit filename="..\..\..\Media\NaviLocal\uicommands.html" />
		<Unit filename="..\..\..\Media\NaviLocal\uictxtavatar.html" />
		<Unit filename="..\..\..\Media\NaviLocal\uictxtvlc.html" />
		<Unit filename="..\..\..\Media\NaviLocal\uictxtwww.html" />
		<Unit filename="..\..\..\Media\NaviLocal\uidebug.html" />
		<Unit filename="..\..\..\Media\NaviLocal\uilogin.html" />
		<Unit filename="..\..\..\Media\NaviLocal\uimainmenu.html" />
		<Unit filename="..\..\..\Media\NaviLocal\uimdlrmain.html" />
		<Unit filename="..\..\..\Media\NaviLocal\uimdlrprop.html" />
		<Unit filename="..\..\..\Media\NaviLocal\uimdlrscenefromtext.html" />
		<Unit filename="..\..\..\Media\NaviLocal\uimdlrterrain.html" />
		<Unit filename="..\..\..\Media\NaviLocal\uioptions.html" />
		<Unit filename="Tools\DebugHelpers.cpp" />
		<Unit filename="Tools\DebugHelpers.h" />
		<Unit filename="OgreGraphicObjects\MovableBox.cpp" />
		<Unit filename="OgreGraphicObjects\MovableBox.h" />
		<Unit filename="OgreGraphicObjects\MovableText.cpp" />
		<Unit filename="OgreGraphicObjects\MovableText.h" />
		<Unit filename="OgreGraphicObjects\Panel2DButtonOverlayElement.cpp" />
		<Unit filename="OgreGraphicObjects\Panel2DButtonOverlayElement.h" />
		<Unit filename="OgreGraphicObjects\Panel2DOverlayElement.cpp" />
		<Unit filename="OgreGraphicObjects\Panel2DOverlayElement.h" />
		<Unit filename="OgreGraphicObjects\ProgressBar.cpp" />
		<Unit filename="OgreGraphicObjects\ProgressBar.h" />
		<Unit filename="OgreGraphicObjects\SoundIcon.cpp" />
		<Unit filename="OgreGraphicObjects\SoundIcon.h" />
		<Unit filename="MainApplication\AutoCreatedWindow.cpp" />
		<Unit filename="MainApplication\AutoCreatedWindow.h" />
		<Unit filename="MainApplication\IApplication.h" />
		<Unit filename="MainApplication\IInstance.h" />
		<Unit filename="MainApplication\Instance.cpp" />
		<Unit filename="MainApplication\Instance.h" />
		<Unit filename="MainApplication\IOgrePeerManagerCallbacks.h" />
		<Unit filename="MainApplication\IWindow.h" />
		<Unit filename="MainApplication\KeyMotion.cpp" />
		<Unit filename="MainApplication\KeyMotion.h" />
		<Unit filename="MainApplication\Navigator.cpp" />
		<Unit filename="MainApplication\navigator.h" />
		<Unit filename="MainApplication\navigatorapp.cpp" />
		<Unit filename="MainApplication\navigatorapp.h" />
		<Unit filename="MainApplication\NavigatorFrameListener.cpp" />
		<Unit filename="MainApplication\NavigatorFrameListener.h" />
		<Unit filename="MainApplication\NavigatorSound.cpp" />
		<Unit filename="MainApplication\NavigatorSound.h" />
		<Unit filename="MainApplication\NavigatorXMLRPCClient.cpp" />
		<Unit filename="MainApplication\NavigatorXMLRPCClient.h" />
		<Unit filename="MainApplication\NodeEventListener.cpp" />
		<Unit filename="MainApplication\NodeEventListener.h" />
		<Unit filename="MainApplication\OgreApplication.cpp" />
		<Unit filename="MainApplication\OgreApplication.h" />
		<Unit filename="MainApplication\OgreFrameListener.cpp" />
		<Unit filename="MainApplication\OgreFrameListener.h" />
		<Unit filename="MainApplication\OgrePeer.cpp" />
		<Unit filename="MainApplication\OgrePeer.h" />
		<Unit filename="MainApplication\OgrePeerManager.cpp" />
		<Unit filename="MainApplication\OgrePeerManager.h" />
		<Unit filename="Cameras\CameraSupport.cpp" />
		<Unit filename="Cameras\CameraSupport.h" />
		<Unit filename="Cameras\CameraSupportManager.cpp" />
		<Unit filename="Cameras\CameraSupportManager.h" />
		<Unit filename="Cameras\FirstPersonCameraSupport.cpp" />
		<Unit filename="Cameras\FirstPersonCameraSupport.h" />
		<Unit filename="Cameras\OrbitalCameraSupport.cpp" />
		<Unit filename="Cameras\OrbitalCameraSupport.h" />
		<Unit filename="World\Avatar.cpp" />
		<Unit filename="World\Avatar.h" />
		<Unit filename="World\Modeler.cpp" />
		<Unit filename="World\Modeler.h" />
		<Unit filename="World\Object.cpp" />
		<Unit filename="World\Object.h" />
		<Unit filename="World\Scene.cpp" />
		<Unit filename="World\Scene.h" />
		<Unit filename="Scripting\LuaBinding.cpp" />
		<Unit filename="Scripting\LuaBinding.h" />
		<Unit filename="Scripting\NavigatorLua.cpp" />
		<Unit filename="Scripting\NavigatorLua.h" />
		<Unit filename="OgreTools\ExternalTextureSourceEx.h" />
		<Unit filename="OgreTools\OgreHelpers.cpp" />
		<Unit filename="OgreTools\OgreHelpers.h" />
		<Unit filename="Configuration\NavigatorConfiguration.cpp" />
		<Unit filename="Configuration\NavigatorConfiguration.h" />
		<Unit filename="navigatorGui\Cursor.cpp" />
		<Unit filename="navigatorGui\Cursor.h" />
		<Unit filename="navigatorGui\GUI_About.cpp" />
		<Unit filename="navigatorGui\GUI_About.h" />
		<Unit filename="navigatorGui\GUI_AuthentFacebook.cpp" />
		<Unit filename="navigatorGui\GUI_AuthentFacebook.h" />
		<Unit filename="navigatorGui\GUI_AuthentWorldServer.cpp" />
		<Unit filename="navigatorGui\GUI_AuthentWorldServer.h" />
		<Unit filename="navigatorGui\GUI_Avatar.cpp" />
		<Unit filename="navigatorGui\GUI_Avatar.h" />
		<Unit filename="navigatorGui\GUI_AvatarProperties.cpp" />
		<Unit filename="navigatorGui\GUI_AvatarProperties.h" />
		<Unit filename="navigatorGui\GUI_Chat.cpp" />
		<Unit filename="navigatorGui\GUI_Chat.h" />
		<Unit filename="navigatorGui\GUI_ChooseWorld.cpp" />
		<Unit filename="navigatorGui\GUI_ChooseWorld.h" />
		<Unit filename="navigatorGui\GUI_Commands.cpp" />
		<Unit filename="navigatorGui\GUI_Commands.h" />
		<Unit filename="navigatorGui\GUI_ContextMenu.cpp" />
		<Unit filename="navigatorGui\GUI_ContextMenu.h" />
		<Unit filename="navigatorGui\GUI_Debug.cpp" />
		<Unit filename="navigatorGui\GUI_Debug.h" />
		<Unit filename="navigatorGui\GUI_FromServer.cpp" />
		<Unit filename="navigatorGui\GUI_FromServer.h" />
		<Unit filename="navigatorGui\GUI_Login.cpp" />
		<Unit filename="navigatorGui\GUI_login.h" />
		<Unit filename="navigatorGui\GUI_MainMenu.cpp" />
		<Unit filename="navigatorGui\GUI_MainMenu.h" />
		<Unit filename="navigatorGui\GUI_MessageBox.cpp" />
		<Unit filename="navigatorGui\GUI_MessageBox.h" />
		<Unit filename="navigatorGui\GUI_MessageBoxResponse.h" />
		<Unit filename="navigatorGui\gui_modeler.cpp" />
		<Unit filename="navigatorGui\GUI_Modeler.h" />
		<Unit filename="navigatorGui\GUI_ModelerProperties.cpp" />
		<Unit filename="navigatorGui\GUI_ModelerProperties.h" />
		<Unit filename="navigatorGui\GUI_ModelerSceneFromText.cpp" />
		<Unit filename="navigatorGui\GUI_ModelerSceneFromText.h" />
		<Unit filename="navigatorGui\GUI_Options.cpp" />
		<Unit filename="navigatorGui\GUI_Options.h" />
		<Unit filename="navigatorGui\GUI_Panel.cpp" />
		<Unit filename="navigatorGui\GUI_Panel.h" />
		<Unit filename="navigatorGui\GUI_StatusBar.cpp" />
		<Unit filename="navigatorGui\GUI_StatusBar.h" />
		<Unit filename="navigatorGui\GUI_TerrainModeler.cpp" />
		<Unit filename="navigatorGui\GUI_TerrainModeler.h" />
		<Unit filename="navigatorGui\GUI_WorldsServerInfo.cpp" />
		<Unit filename="navigatorGui\GUI_WorldsServerInfo.h" />
		<Unit filename="navigatorGui\Mouse.cpp" />
		<Unit filename="navigatorGui\Mouse.h" />
		<Unit filename="navigatorGui\NavigatorGUI.cpp" />
		<Unit filename="navigatorGui\NavigatorGUI.h" />
		<Unit filename="navigatorGui\Panel2D.cpp" />
		<Unit filename="navigatorGui\Panel2D.h" />
		<Unit filename="navigatorGui\Panel2DExtTextSrcEx.cpp" />
		<Unit filename="navigatorGui\Panel2DExtTextSrcEx.h" />
		<Unit filename="navigatorGui\Panel2DMgr.cpp" />
		<Unit filename="navigatorGui\Panel2DMgr.h" />
		<Unit filename="navigatorGui\Panel2DWWW.cpp" />
		<Unit filename="navigatorGui\Panel2DWWW.h" />
		<Extensions>
			<code_completion />
			<debugger />
		</Extensions>
	</Project>
</CodeBlocks_project_file>
